// !$*UTF8*$!
{
	archiveVersion = 1;
	classes = {
	};
	objectVersion = 50;
	objects = {

/* Begin PBXBuildFile section */
		B18849B724B8CE96004205E9 /* UIView+ShadowComponents.swift in Sources */ = {isa = PBXBuildFile; fileRef = B18849B624B8CE95004205E9 /* UIView+ShadowComponents.swift */; };
		B8073B4C2397B4BF00D248A1 /* MessageConfigurable.swift in Sources */ = {isa = PBXBuildFile; fileRef = B8073B4B2397B4BF00D248A1 /* MessageConfigurable.swift */; };
		B811E92924B5AD7000E337C3 /* Poster.swift in Sources */ = {isa = PBXBuildFile; fileRef = B811E92824B5AD7000E337C3 /* Poster.swift */; };
		B811E92E24B5B14800E337C3 /* BadgeMessageViewable.swift in Sources */ = {isa = PBXBuildFile; fileRef = B811E92D24B5B14800E337C3 /* BadgeMessageViewable.swift */; };
		B811E93424B5D6D200E337C3 /* WindowViewController.swift in Sources */ = {isa = PBXBuildFile; fileRef = B811E93324B5D6D200E337C3 /* WindowViewController.swift */; };
		B811E93824B5DA4C00E337C3 /* UIView+Extensions.swift in Sources */ = {isa = PBXBuildFile; fileRef = B811E93724B5DA4C00E337C3 /* UIView+Extensions.swift */; };
		B811E93A24B5FF2400E337C3 /* CenterConstraints.swift in Sources */ = {isa = PBXBuildFile; fileRef = B811E93924B5FF2400E337C3 /* CenterConstraints.swift */; };
		B84420A1238D3DF700462399 /* MessageStackView.h in Headers */ = {isa = PBXBuildFile; fileRef = B844209F238D3DF700462399 /* MessageStackView.h */; settings = {ATTRIBUTES = (Public, ); }; };
		B84420AC238D3E1500462399 /* String+Extensions.swift in Sources */ = {isa = PBXBuildFile; fileRef = B84420A8238D3E1500462399 /* String+Extensions.swift */; };
		B84420AF238D3E1500462399 /* UIView+SafeArea.swift in Sources */ = {isa = PBXBuildFile; fileRef = B84420AB238D3E1500462399 /* UIView+SafeArea.swift */; };
		B84420B2238D3E2000462399 /* MessageView.swift in Sources */ = {isa = PBXBuildFile; fileRef = B84420B1238D3E2000462399 /* MessageView.swift */; };
		B84420B7238D3E2600462399 /* PostAnimation.swift in Sources */ = {isa = PBXBuildFile; fileRef = B84420B4238D3E2600462399 /* PostAnimation.swift */; };
		B84420B8238D3E2600462399 /* Message.swift in Sources */ = {isa = PBXBuildFile; fileRef = B84420B5238D3E2600462399 /* Message.swift */; };
		B84420BD238D3E3800462399 /* MessageLayout.swift in Sources */ = {isa = PBXBuildFile; fileRef = B84420BB238D3E3800462399 /* MessageLayout.swift */; };
		B84420C5238D3F0A00462399 /* AppDelegate.swift in Sources */ = {isa = PBXBuildFile; fileRef = B84420C4238D3F0A00462399 /* AppDelegate.swift */; };
		B84420C7238D3F0A00462399 /* SceneDelegate.swift in Sources */ = {isa = PBXBuildFile; fileRef = B84420C6238D3F0A00462399 /* SceneDelegate.swift */; };
		B84420C9238D3F0A00462399 /* GeneralViewController.swift in Sources */ = {isa = PBXBuildFile; fileRef = B84420C8238D3F0A00462399 /* GeneralViewController.swift */; };
		B84420CE238D3F0D00462399 /* Assets.xcassets in Resources */ = {isa = PBXBuildFile; fileRef = B84420CD238D3F0D00462399 /* Assets.xcassets */; };
		B84420D1238D3F0D00462399 /* LaunchScreen.storyboard in Resources */ = {isa = PBXBuildFile; fileRef = B84420CF238D3F0D00462399 /* LaunchScreen.storyboard */; };
		B84420D7238D3FAB00462399 /* MessageStackView.swift in Sources */ = {isa = PBXBuildFile; fileRef = B84420D6238D3FAB00462399 /* MessageStackView.swift */; };
		B84420DB238D444700462399 /* MessageConfiguration.swift in Sources */ = {isa = PBXBuildFile; fileRef = B84420DA238D444700462399 /* MessageConfiguration.swift */; };
		B84420DE238D46D600462399 /* UIView+Shadow.swift in Sources */ = {isa = PBXBuildFile; fileRef = B84420DD238D46D600462399 /* UIView+Shadow.swift */; };
		B8905C9424AE3BDA00306FAA /* MessageView+Message.swift in Sources */ = {isa = PBXBuildFile; fileRef = B8905C9324AE3BDA00306FAA /* MessageView+Message.swift */; };
		B8905C9B24AE3F9B00306FAA /* EdgeConstraints.swift in Sources */ = {isa = PBXBuildFile; fileRef = B8905C9A24AE3F9B00306FAA /* EdgeConstraints.swift */; };
		B8905C9D24AE850C00306FAA /* Constrainable.swift in Sources */ = {isa = PBXBuildFile; fileRef = B8905C9C24AE850C00306FAA /* Constrainable.swift */; };
		B8905C9F24AE90AD00306FAA /* README.md in Resources */ = {isa = PBXBuildFile; fileRef = B8905C9E24AE90AD00306FAA /* README.md */; };
		B8926B9024B26A200084C2F4 /* RootTableViewController.swift in Sources */ = {isa = PBXBuildFile; fileRef = B8926B8F24B26A200084C2F4 /* RootTableViewController.swift */; };
		B8926B9224B26A900084C2F4 /* PanViewController.swift in Sources */ = {isa = PBXBuildFile; fileRef = B8926B9124B26A900084C2F4 /* PanViewController.swift */; };
		B8AA020924B31D6D00F5BC4A /* MessageStackView.framework in Frameworks */ = {isa = PBXBuildFile; fileRef = B844209C238D3DF700462399 /* MessageStackView.framework */; };
		B8AA020A24B31D6D00F5BC4A /* MessageStackView.framework in Embed Frameworks */ = {isa = PBXBuildFile; fileRef = B844209C238D3DF700462399 /* MessageStackView.framework */; settings = {ATTRIBUTES = (CodeSignOnCopy, RemoveHeadersOnCopy, ); }; };
		B8AA021524B33E1700F5BC4A /* UIApplication+StatusBar.swift in Sources */ = {isa = PBXBuildFile; fileRef = B8AA021424B33E1700F5BC4A /* UIApplication+StatusBar.swift */; };
		B8AA021A24B35CAF00F5BC4A /* BadgeContainerView.swift in Sources */ = {isa = PBXBuildFile; fileRef = B8AA021724B35CAF00F5BC4A /* BadgeContainerView.swift */; };
		B8AA021B24B35CAF00F5BC4A /* BadgeView.swift in Sources */ = {isa = PBXBuildFile; fileRef = B8AA021824B35CAF00F5BC4A /* BadgeView.swift */; };
		B8AA021C24B35CAF00F5BC4A /* ShakeView.swift in Sources */ = {isa = PBXBuildFile; fileRef = B8AA021924B35CAF00F5BC4A /* ShakeView.swift */; };
		B8AA022424B35DA300F5BC4A /* Function.swift in Sources */ = {isa = PBXBuildFile; fileRef = B8AA021E24B35DA300F5BC4A /* Function.swift */; };
		B8AA022724B35DA300F5BC4A /* GrowFunction.swift in Sources */ = {isa = PBXBuildFile; fileRef = B8AA022124B35DA300F5BC4A /* GrowFunction.swift */; };
		B8AA022824B35DA300F5BC4A /* ScaleFunction.swift in Sources */ = {isa = PBXBuildFile; fileRef = B8AA022224B35DA300F5BC4A /* ScaleFunction.swift */; };
		B8AA022924B35DA300F5BC4A /* ShakeFunction.swift in Sources */ = {isa = PBXBuildFile; fileRef = B8AA022324B35DA300F5BC4A /* ShakeFunction.swift */; };
		B8AA022B24B35DDE00F5BC4A /* CALayer+Animation.swift in Sources */ = {isa = PBXBuildFile; fileRef = B8AA022A24B35DDE00F5BC4A /* CALayer+Animation.swift */; };
		B8AA022D24B35EA800F5BC4A /* CGRect+Extensions.swift in Sources */ = {isa = PBXBuildFile; fileRef = B8AA022C24B35EA800F5BC4A /* CGRect+Extensions.swift */; };
		B8AA022F24B35F7100F5BC4A /* UIEdgeInsets+Extensions.swift in Sources */ = {isa = PBXBuildFile; fileRef = B8AA022E24B35F7100F5BC4A /* UIEdgeInsets+Extensions.swift */; };
		B8AA023224B360A700F5BC4A /* UIColor+Colors.swift in Sources */ = {isa = PBXBuildFile; fileRef = B8AA023124B360A700F5BC4A /* UIColor+Colors.swift */; };
		B8AA023424B3619200F5BC4A /* UIView+Animation.swift in Sources */ = {isa = PBXBuildFile; fileRef = B8AA023324B3619200F5BC4A /* UIView+Animation.swift */; };
		B8AA023A24B363E200F5BC4A /* BadgeMessageView.swift in Sources */ = {isa = PBXBuildFile; fileRef = B8AA023924B363E200F5BC4A /* BadgeMessageView.swift */; };
		B8AA023C24B3645A00F5BC4A /* UIImage+Images.swift in Sources */ = {isa = PBXBuildFile; fileRef = B8AA023B24B3645A00F5BC4A /* UIImage+Images.swift */; };
		B8AA023F24B364F600F5BC4A /* Images.xcassets in Resources */ = {isa = PBXBuildFile; fileRef = B8AA023E24B364F600F5BC4A /* Images.xcassets */; };
		B8AA024124B3675F00F5BC4A /* UILabel+Default.swift in Sources */ = {isa = PBXBuildFile; fileRef = B8AA024024B3675F00F5BC4A /* UILabel+Default.swift */; };
		B8AA024324B3752800F5BC4A /* BadgeMessageViewController.swift in Sources */ = {isa = PBXBuildFile; fileRef = B8AA024224B3752800F5BC4A /* BadgeMessageViewController.swift */; };
		B8AA024524B3767200F5BC4A /* BadgeMessageView+BadgeMessage.swift in Sources */ = {isa = PBXBuildFile; fileRef = B8AA024424B3767200F5BC4A /* BadgeMessageView+BadgeMessage.swift */; };
		B8AA024724B3B90800F5BC4A /* PostManager.swift in Sources */ = {isa = PBXBuildFile; fileRef = B8AA024624B3B90800F5BC4A /* PostManager.swift */; };
		B8AA024924B3C19400F5BC4A /* PostGestureManager.swift in Sources */ = {isa = PBXBuildFile; fileRef = B8AA024824B3C19400F5BC4A /* PostGestureManager.swift */; };
		B8AA024C24B3CA7F00F5BC4A /* PostRequest.swift in Sources */ = {isa = PBXBuildFile; fileRef = B8AA024B24B3CA7F00F5BC4A /* PostRequest.swift */; };
		B8AA024E24B3CB9B00F5BC4A /* PostManagerDelegate.swift in Sources */ = {isa = PBXBuildFile; fileRef = B8AA024D24B3CB9B00F5BC4A /* PostManagerDelegate.swift */; };
		B8AA025024B3DB8200F5BC4A /* UIViewPoster.swift in Sources */ = {isa = PBXBuildFile; fileRef = B8AA024F24B3DB8200F5BC4A /* UIViewPoster.swift */; };
		B8AA025424B4AA7400F5BC4A /* PostView.swift in Sources */ = {isa = PBXBuildFile; fileRef = B8AA025324B4AA7400F5BC4A /* PostView.swift */; };
		B8AA027A24B51B5100F5BC4A /* Poster+BadgeMessage.swift in Sources */ = {isa = PBXBuildFile; fileRef = B8AA027924B51B5100F5BC4A /* Poster+BadgeMessage.swift */; };
		B8AA027C24B51B7D00F5BC4A /* BadgeMessage.swift in Sources */ = {isa = PBXBuildFile; fileRef = B8AA027B24B51B7D00F5BC4A /* BadgeMessage.swift */; };
		B8BE92F32396C9D00026E7AF /* SizeConstraints.swift in Sources */ = {isa = PBXBuildFile; fileRef = B8BE92F22396C9D00026E7AF /* SizeConstraints.swift */; };
		B8F027EF24AFB0C700428B50 /* UIView+Poster.swift in Sources */ = {isa = PBXBuildFile; fileRef = B8F027EE24AFB0C700428B50 /* UIView+Poster.swift */; };
		B8F027F224AFD0D000428B50 /* Poster+Message.swift in Sources */ = {isa = PBXBuildFile; fileRef = B8F027F124AFD0D000428B50 /* Poster+Message.swift */; };
		B8F027F624AFD3A900428B50 /* UIView+Hidden.swift in Sources */ = {isa = PBXBuildFile; fileRef = B8F027F524AFD3A900428B50 /* UIView+Hidden.swift */; };
		B8F027F824AFD3DF00428B50 /* Message+MessageConfigurable.swift in Sources */ = {isa = PBXBuildFile; fileRef = B8F027F724AFD3DF00428B50 /* Message+MessageConfigurable.swift */; };
		B8F027FA24AFD5E200428B50 /* DispatchQueue+Extensions.swift in Sources */ = {isa = PBXBuildFile; fileRef = B8F027F924AFD5E200428B50 /* DispatchQueue+Extensions.swift */; };
		B8F027FC24AFDCD800428B50 /* Queue.swift in Sources */ = {isa = PBXBuildFile; fileRef = B8F027FB24AFDCD800428B50 /* Queue.swift */; };
		B8FF3D4924B0874200426272 /* TimeInterval+Defaults.swift in Sources */ = {isa = PBXBuildFile; fileRef = B8FF3D4824B0874200426272 /* TimeInterval+Defaults.swift */; };
		B8FF3D4E24B13ACE00426272 /* MessageViewable.swift in Sources */ = {isa = PBXBuildFile; fileRef = B8FF3D4D24B13ACE00426272 /* MessageViewable.swift */; };
/* End PBXBuildFile section */

/* Begin PBXContainerItemProxy section */
		B84420D8238D430C00462399 /* PBXContainerItemProxy */ = {
			isa = PBXContainerItemProxy;
			containerPortal = B8442093238D3DF700462399 /* Project object */;
			proxyType = 1;
			remoteGlobalIDString = B844209B238D3DF700462399;
			remoteInfo = MessageStackView;
		};
		B8AA020B24B31D6D00F5BC4A /* PBXContainerItemProxy */ = {
			isa = PBXContainerItemProxy;
			containerPortal = B8442093238D3DF700462399 /* Project object */;
			proxyType = 1;
			remoteGlobalIDString = B844209B238D3DF700462399;
			remoteInfo = MessageStackView;
		};
/* End PBXContainerItemProxy section */

/* Begin PBXCopyFilesBuildPhase section */
		B8AA020D24B31D6D00F5BC4A /* Embed Frameworks */ = {
			isa = PBXCopyFilesBuildPhase;
			buildActionMask = 2147483647;
			dstPath = "";
			dstSubfolderSpec = 10;
			files = (
				B8AA020A24B31D6D00F5BC4A /* MessageStackView.framework in Embed Frameworks */,
			);
			name = "Embed Frameworks";
			runOnlyForDeploymentPostprocessing = 0;
		};
/* End PBXCopyFilesBuildPhase section */

/* Begin PBXFileReference section */
		B18849B624B8CE95004205E9 /* UIView+ShadowComponents.swift */ = {isa = PBXFileReference; fileEncoding = 4; lastKnownFileType = sourcecode.swift; path = "UIView+ShadowComponents.swift"; sourceTree = "<group>"; };
		B8073B4B2397B4BF00D248A1 /* MessageConfigurable.swift */ = {isa = PBXFileReference; lastKnownFileType = sourcecode.swift; path = MessageConfigurable.swift; sourceTree = "<group>"; };
		B811E92824B5AD7000E337C3 /* Poster.swift */ = {isa = PBXFileReference; lastKnownFileType = sourcecode.swift; path = Poster.swift; sourceTree = "<group>"; };
		B811E92D24B5B14800E337C3 /* BadgeMessageViewable.swift */ = {isa = PBXFileReference; lastKnownFileType = sourcecode.swift; path = BadgeMessageViewable.swift; sourceTree = "<group>"; };
		B811E93324B5D6D200E337C3 /* WindowViewController.swift */ = {isa = PBXFileReference; lastKnownFileType = sourcecode.swift; path = WindowViewController.swift; sourceTree = "<group>"; };
		B811E93724B5DA4C00E337C3 /* UIView+Extensions.swift */ = {isa = PBXFileReference; lastKnownFileType = sourcecode.swift; path = "UIView+Extensions.swift"; sourceTree = "<group>"; };
		B811E93924B5FF2400E337C3 /* CenterConstraints.swift */ = {isa = PBXFileReference; lastKnownFileType = sourcecode.swift; path = CenterConstraints.swift; sourceTree = "<group>"; };
		B844209C238D3DF700462399 /* MessageStackView.framework */ = {isa = PBXFileReference; explicitFileType = wrapper.framework; includeInIndex = 0; path = MessageStackView.framework; sourceTree = BUILT_PRODUCTS_DIR; };
		B844209F238D3DF700462399 /* MessageStackView.h */ = {isa = PBXFileReference; lastKnownFileType = sourcecode.c.h; path = MessageStackView.h; sourceTree = "<group>"; };
		B84420A0238D3DF700462399 /* Info.plist */ = {isa = PBXFileReference; lastKnownFileType = text.plist.xml; path = Info.plist; sourceTree = "<group>"; };
		B84420A8238D3E1500462399 /* String+Extensions.swift */ = {isa = PBXFileReference; fileEncoding = 4; lastKnownFileType = sourcecode.swift; path = "String+Extensions.swift"; sourceTree = "<group>"; };
		B84420AB238D3E1500462399 /* UIView+SafeArea.swift */ = {isa = PBXFileReference; fileEncoding = 4; lastKnownFileType = sourcecode.swift; path = "UIView+SafeArea.swift"; sourceTree = "<group>"; };
		B84420B1238D3E2000462399 /* MessageView.swift */ = {isa = PBXFileReference; fileEncoding = 4; lastKnownFileType = sourcecode.swift; path = MessageView.swift; sourceTree = "<group>"; };
		B84420B4238D3E2600462399 /* PostAnimation.swift */ = {isa = PBXFileReference; fileEncoding = 4; lastKnownFileType = sourcecode.swift; path = PostAnimation.swift; sourceTree = "<group>"; };
		B84420B5238D3E2600462399 /* Message.swift */ = {isa = PBXFileReference; fileEncoding = 4; lastKnownFileType = sourcecode.swift; path = Message.swift; sourceTree = "<group>"; };
		B84420BB238D3E3800462399 /* MessageLayout.swift */ = {isa = PBXFileReference; fileEncoding = 4; lastKnownFileType = sourcecode.swift; path = MessageLayout.swift; sourceTree = "<group>"; };
		B84420C2238D3F0A00462399 /* Example.app */ = {isa = PBXFileReference; explicitFileType = wrapper.application; includeInIndex = 0; path = Example.app; sourceTree = BUILT_PRODUCTS_DIR; };
		B84420C4238D3F0A00462399 /* AppDelegate.swift */ = {isa = PBXFileReference; lastKnownFileType = sourcecode.swift; path = AppDelegate.swift; sourceTree = "<group>"; };
		B84420C6238D3F0A00462399 /* SceneDelegate.swift */ = {isa = PBXFileReference; lastKnownFileType = sourcecode.swift; path = SceneDelegate.swift; sourceTree = "<group>"; };
		B84420C8238D3F0A00462399 /* GeneralViewController.swift */ = {isa = PBXFileReference; lastKnownFileType = sourcecode.swift; path = GeneralViewController.swift; sourceTree = "<group>"; };
		B84420CD238D3F0D00462399 /* Assets.xcassets */ = {isa = PBXFileReference; lastKnownFileType = folder.assetcatalog; path = Assets.xcassets; sourceTree = "<group>"; };
		B84420D0238D3F0D00462399 /* Base */ = {isa = PBXFileReference; lastKnownFileType = file.storyboard; name = Base; path = Base.lproj/LaunchScreen.storyboard; sourceTree = "<group>"; };
		B84420D2238D3F0D00462399 /* Info.plist */ = {isa = PBXFileReference; lastKnownFileType = text.plist.xml; path = Info.plist; sourceTree = "<group>"; };
		B84420D6238D3FAB00462399 /* MessageStackView.swift */ = {isa = PBXFileReference; lastKnownFileType = sourcecode.swift; path = MessageStackView.swift; sourceTree = "<group>"; };
		B84420DA238D444700462399 /* MessageConfiguration.swift */ = {isa = PBXFileReference; lastKnownFileType = sourcecode.swift; path = MessageConfiguration.swift; sourceTree = "<group>"; };
		B84420DD238D46D600462399 /* UIView+Shadow.swift */ = {isa = PBXFileReference; lastKnownFileType = sourcecode.swift; path = "UIView+Shadow.swift"; sourceTree = "<group>"; };
		B8905C9324AE3BDA00306FAA /* MessageView+Message.swift */ = {isa = PBXFileReference; lastKnownFileType = sourcecode.swift; path = "MessageView+Message.swift"; sourceTree = "<group>"; };
		B8905C9A24AE3F9B00306FAA /* EdgeConstraints.swift */ = {isa = PBXFileReference; lastKnownFileType = sourcecode.swift; path = EdgeConstraints.swift; sourceTree = "<group>"; };
		B8905C9C24AE850C00306FAA /* Constrainable.swift */ = {isa = PBXFileReference; lastKnownFileType = sourcecode.swift; path = Constrainable.swift; sourceTree = "<group>"; };
		B8905C9E24AE90AD00306FAA /* README.md */ = {isa = PBXFileReference; fileEncoding = 4; lastKnownFileType = net.daringfireball.markdown; path = README.md; sourceTree = SOURCE_ROOT; };
		B8926B8F24B26A200084C2F4 /* RootTableViewController.swift */ = {isa = PBXFileReference; lastKnownFileType = sourcecode.swift; path = RootTableViewController.swift; sourceTree = "<group>"; };
		B8926B9124B26A900084C2F4 /* PanViewController.swift */ = {isa = PBXFileReference; lastKnownFileType = sourcecode.swift; path = PanViewController.swift; sourceTree = "<group>"; };
		B8AA021424B33E1700F5BC4A /* UIApplication+StatusBar.swift */ = {isa = PBXFileReference; fileEncoding = 4; lastKnownFileType = sourcecode.swift; path = "UIApplication+StatusBar.swift"; sourceTree = "<group>"; };
		B8AA021724B35CAF00F5BC4A /* BadgeContainerView.swift */ = {isa = PBXFileReference; fileEncoding = 4; lastKnownFileType = sourcecode.swift; path = BadgeContainerView.swift; sourceTree = "<group>"; };
		B8AA021824B35CAF00F5BC4A /* BadgeView.swift */ = {isa = PBXFileReference; fileEncoding = 4; lastKnownFileType = sourcecode.swift; path = BadgeView.swift; sourceTree = "<group>"; };
		B8AA021924B35CAF00F5BC4A /* ShakeView.swift */ = {isa = PBXFileReference; fileEncoding = 4; lastKnownFileType = sourcecode.swift; path = ShakeView.swift; sourceTree = "<group>"; };
		B8AA021E24B35DA300F5BC4A /* Function.swift */ = {isa = PBXFileReference; fileEncoding = 4; lastKnownFileType = sourcecode.swift; path = Function.swift; sourceTree = "<group>"; };
		B8AA022124B35DA300F5BC4A /* GrowFunction.swift */ = {isa = PBXFileReference; fileEncoding = 4; lastKnownFileType = sourcecode.swift; path = GrowFunction.swift; sourceTree = "<group>"; };
		B8AA022224B35DA300F5BC4A /* ScaleFunction.swift */ = {isa = PBXFileReference; fileEncoding = 4; lastKnownFileType = sourcecode.swift; path = ScaleFunction.swift; sourceTree = "<group>"; };
		B8AA022324B35DA300F5BC4A /* ShakeFunction.swift */ = {isa = PBXFileReference; fileEncoding = 4; lastKnownFileType = sourcecode.swift; path = ShakeFunction.swift; sourceTree = "<group>"; };
		B8AA022A24B35DDE00F5BC4A /* CALayer+Animation.swift */ = {isa = PBXFileReference; fileEncoding = 4; lastKnownFileType = sourcecode.swift; path = "CALayer+Animation.swift"; sourceTree = "<group>"; };
		B8AA022C24B35EA800F5BC4A /* CGRect+Extensions.swift */ = {isa = PBXFileReference; fileEncoding = 4; lastKnownFileType = sourcecode.swift; path = "CGRect+Extensions.swift"; sourceTree = "<group>"; };
		B8AA022E24B35F7100F5BC4A /* UIEdgeInsets+Extensions.swift */ = {isa = PBXFileReference; lastKnownFileType = sourcecode.swift; path = "UIEdgeInsets+Extensions.swift"; sourceTree = "<group>"; };
		B8AA023124B360A700F5BC4A /* UIColor+Colors.swift */ = {isa = PBXFileReference; lastKnownFileType = sourcecode.swift; path = "UIColor+Colors.swift"; sourceTree = "<group>"; };
		B8AA023324B3619200F5BC4A /* UIView+Animation.swift */ = {isa = PBXFileReference; lastKnownFileType = sourcecode.swift; path = "UIView+Animation.swift"; sourceTree = "<group>"; };
		B8AA023924B363E200F5BC4A /* BadgeMessageView.swift */ = {isa = PBXFileReference; lastKnownFileType = sourcecode.swift; path = BadgeMessageView.swift; sourceTree = "<group>"; };
		B8AA023B24B3645A00F5BC4A /* UIImage+Images.swift */ = {isa = PBXFileReference; lastKnownFileType = sourcecode.swift; path = "UIImage+Images.swift"; sourceTree = "<group>"; };
		B8AA023E24B364F600F5BC4A /* Images.xcassets */ = {isa = PBXFileReference; lastKnownFileType = folder.assetcatalog; path = Images.xcassets; sourceTree = "<group>"; };
		B8AA024024B3675F00F5BC4A /* UILabel+Default.swift */ = {isa = PBXFileReference; lastKnownFileType = sourcecode.swift; path = "UILabel+Default.swift"; sourceTree = "<group>"; };
		B8AA024224B3752800F5BC4A /* BadgeMessageViewController.swift */ = {isa = PBXFileReference; lastKnownFileType = sourcecode.swift; path = BadgeMessageViewController.swift; sourceTree = "<group>"; };
		B8AA024424B3767200F5BC4A /* BadgeMessageView+BadgeMessage.swift */ = {isa = PBXFileReference; lastKnownFileType = sourcecode.swift; path = "BadgeMessageView+BadgeMessage.swift"; sourceTree = "<group>"; };
		B8AA024624B3B90800F5BC4A /* PostManager.swift */ = {isa = PBXFileReference; lastKnownFileType = sourcecode.swift; path = PostManager.swift; sourceTree = "<group>"; };
		B8AA024824B3C19400F5BC4A /* PostGestureManager.swift */ = {isa = PBXFileReference; lastKnownFileType = sourcecode.swift; path = PostGestureManager.swift; sourceTree = "<group>"; };
		B8AA024B24B3CA7F00F5BC4A /* PostRequest.swift */ = {isa = PBXFileReference; lastKnownFileType = sourcecode.swift; path = PostRequest.swift; sourceTree = "<group>"; };
		B8AA024D24B3CB9B00F5BC4A /* PostManagerDelegate.swift */ = {isa = PBXFileReference; lastKnownFileType = sourcecode.swift; path = PostManagerDelegate.swift; sourceTree = "<group>"; };
		B8AA024F24B3DB8200F5BC4A /* UIViewPoster.swift */ = {isa = PBXFileReference; lastKnownFileType = sourcecode.swift; path = UIViewPoster.swift; sourceTree = "<group>"; };
		B8AA025324B4AA7400F5BC4A /* PostView.swift */ = {isa = PBXFileReference; lastKnownFileType = sourcecode.swift; path = PostView.swift; sourceTree = "<group>"; };
		B8AA027924B51B5100F5BC4A /* Poster+BadgeMessage.swift */ = {isa = PBXFileReference; lastKnownFileType = sourcecode.swift; path = "Poster+BadgeMessage.swift"; sourceTree = "<group>"; };
		B8AA027B24B51B7D00F5BC4A /* BadgeMessage.swift */ = {isa = PBXFileReference; lastKnownFileType = sourcecode.swift; path = BadgeMessage.swift; sourceTree = "<group>"; };
		B8BE92F22396C9D00026E7AF /* SizeConstraints.swift */ = {isa = PBXFileReference; lastKnownFileType = sourcecode.swift; path = SizeConstraints.swift; sourceTree = "<group>"; };
		B8F027EE24AFB0C700428B50 /* UIView+Poster.swift */ = {isa = PBXFileReference; lastKnownFileType = sourcecode.swift; path = "UIView+Poster.swift"; sourceTree = "<group>"; };
		B8F027F124AFD0D000428B50 /* Poster+Message.swift */ = {isa = PBXFileReference; lastKnownFileType = sourcecode.swift; path = "Poster+Message.swift"; sourceTree = "<group>"; };
		B8F027F524AFD3A900428B50 /* UIView+Hidden.swift */ = {isa = PBXFileReference; lastKnownFileType = sourcecode.swift; path = "UIView+Hidden.swift"; sourceTree = "<group>"; };
		B8F027F724AFD3DF00428B50 /* Message+MessageConfigurable.swift */ = {isa = PBXFileReference; lastKnownFileType = sourcecode.swift; path = "Message+MessageConfigurable.swift"; sourceTree = "<group>"; };
		B8F027F924AFD5E200428B50 /* DispatchQueue+Extensions.swift */ = {isa = PBXFileReference; lastKnownFileType = sourcecode.swift; path = "DispatchQueue+Extensions.swift"; sourceTree = "<group>"; };
		B8F027FB24AFDCD800428B50 /* Queue.swift */ = {isa = PBXFileReference; lastKnownFileType = sourcecode.swift; path = Queue.swift; sourceTree = "<group>"; };
		B8FF3D4824B0874200426272 /* TimeInterval+Defaults.swift */ = {isa = PBXFileReference; lastKnownFileType = sourcecode.swift; path = "TimeInterval+Defaults.swift"; sourceTree = "<group>"; };
		B8FF3D4D24B13ACE00426272 /* MessageViewable.swift */ = {isa = PBXFileReference; lastKnownFileType = sourcecode.swift; path = MessageViewable.swift; sourceTree = "<group>"; };
/* End PBXFileReference section */

/* Begin PBXFrameworksBuildPhase section */
		B8442099238D3DF700462399 /* Frameworks */ = {
			isa = PBXFrameworksBuildPhase;
			buildActionMask = 2147483647;
			files = (
			);
			runOnlyForDeploymentPostprocessing = 0;
		};
		B84420BF238D3F0A00462399 /* Frameworks */ = {
			isa = PBXFrameworksBuildPhase;
			buildActionMask = 2147483647;
			files = (
				B8AA020924B31D6D00F5BC4A /* MessageStackView.framework in Frameworks */,
			);
			runOnlyForDeploymentPostprocessing = 0;
		};
/* End PBXFrameworksBuildPhase section */

/* Begin PBXGroup section */
		B811E92424B5ACD400E337C3 /* Badges */ = {
			isa = PBXGroup;
			children = (
				B8AA021824B35CAF00F5BC4A /* BadgeView.swift */,
				B8AA021724B35CAF00F5BC4A /* BadgeContainerView.swift */,
				B8AA021924B35CAF00F5BC4A /* ShakeView.swift */,
			);
			path = Badges;
			sourceTree = "<group>";
		};
		B811E92624B5ACE100E337C3 /* PostView */ = {
			isa = PBXGroup;
			children = (
				B84420D6238D3FAB00462399 /* MessageStackView.swift */,
				B8AA025324B4AA7400F5BC4A /* PostView.swift */,
			);
			path = PostView;
			sourceTree = "<group>";
		};
		B811E92A24B5B08100E337C3 /* Messages */ = {
			isa = PBXGroup;
			children = (
				B811E92B24B5B08F00E337C3 /* Message */,
				B811E92C24B5B09300E337C3 /* BadgeMessage */,
				B811E92F24B5B22600E337C3 /* MessageConfiguration */,
			);
			path = Messages;
			sourceTree = "<group>";
		};
		B811E92B24B5B08F00E337C3 /* Message */ = {
			isa = PBXGroup;
			children = (
				B84420B5238D3E2600462399 /* Message.swift */,
				B84420B1238D3E2000462399 /* MessageView.swift */,
				B8FF3D4D24B13ACE00426272 /* MessageViewable.swift */,
				B8905C9324AE3BDA00306FAA /* MessageView+Message.swift */,
				B8F027F124AFD0D000428B50 /* Poster+Message.swift */,
			);
			path = Message;
			sourceTree = "<group>";
		};
		B811E92C24B5B09300E337C3 /* BadgeMessage */ = {
			isa = PBXGroup;
			children = (
				B8AA027B24B51B7D00F5BC4A /* BadgeMessage.swift */,
				B8AA023924B363E200F5BC4A /* BadgeMessageView.swift */,
				B811E92D24B5B14800E337C3 /* BadgeMessageViewable.swift */,
				B8AA024424B3767200F5BC4A /* BadgeMessageView+BadgeMessage.swift */,
				B8AA027924B51B5100F5BC4A /* Poster+BadgeMessage.swift */,
			);
			path = BadgeMessage;
			sourceTree = "<group>";
		};
		B811E92F24B5B22600E337C3 /* MessageConfiguration */ = {
			isa = PBXGroup;
			children = (
				B84420DA238D444700462399 /* MessageConfiguration.swift */,
				B8073B4B2397B4BF00D248A1 /* MessageConfigurable.swift */,
				B8F027F724AFD3DF00428B50 /* Message+MessageConfigurable.swift */,
			);
			path = MessageConfiguration;
			sourceTree = "<group>";
		};
		B8442092238D3DF700462399 = {
			isa = PBXGroup;
			children = (
				B844209E238D3DF700462399 /* MessageStackView */,
				B84420C3238D3F0A00462399 /* Example */,
				B844209D238D3DF700462399 /* Products */,
				B8AA020824B31D6D00F5BC4A /* Frameworks */,
			);
			sourceTree = "<group>";
		};
		B844209D238D3DF700462399 /* Products */ = {
			isa = PBXGroup;
			children = (
				B844209C238D3DF700462399 /* MessageStackView.framework */,
				B84420C2238D3F0A00462399 /* Example.app */,
			);
			name = Products;
			sourceTree = "<group>";
		};
		B844209E238D3DF700462399 /* MessageStackView */ = {
			isa = PBXGroup;
			children = (
				B811E92A24B5B08100E337C3 /* Messages */,
				B8AA021D24B35D0C00F5BC4A /* Function */,
				B8FF3D4724B0873200426272 /* Constants */,
				B8BE92F42396C9DA0026E7AF /* Constraints */,
				B84420A7238D3E1500462399 /* Extensions */,
				B84420B0238D3E2000462399 /* Views */,
				B84420B3238D3E2600462399 /* Models */,
				B8AA024A24B3CA6D00F5BC4A /* PostManager */,
				B8AA023024B3609B00F5BC4A /* Theme */,
				B844209F238D3DF700462399 /* MessageStackView.h */,
				B8905C9E24AE90AD00306FAA /* README.md */,
				B84420A0238D3DF700462399 /* Info.plist */,
			);
			path = MessageStackView;
			sourceTree = "<group>";
		};
		B84420A7238D3E1500462399 /* Extensions */ = {
			isa = PBXGroup;
			children = (
				B84420A8238D3E1500462399 /* String+Extensions.swift */,
				B8F027F924AFD5E200428B50 /* DispatchQueue+Extensions.swift */,
				B8AA021424B33E1700F5BC4A /* UIApplication+StatusBar.swift */,
				B8AA022A24B35DDE00F5BC4A /* CALayer+Animation.swift */,
				B8AA022C24B35EA800F5BC4A /* CGRect+Extensions.swift */,
				B8AA022E24B35F7100F5BC4A /* UIEdgeInsets+Extensions.swift */,
				B811E93724B5DA4C00E337C3 /* UIView+Extensions.swift */,
				B8AA023324B3619200F5BC4A /* UIView+Animation.swift */,
				B8F027F524AFD3A900428B50 /* UIView+Hidden.swift */,
				B84420AB238D3E1500462399 /* UIView+SafeArea.swift */,
				B84420DD238D46D600462399 /* UIView+Shadow.swift */,
				B18849B624B8CE95004205E9 /* UIView+ShadowComponents.swift */,
			);
			path = Extensions;
			sourceTree = "<group>";
		};
		B84420B0238D3E2000462399 /* Views */ = {
			isa = PBXGroup;
			children = (
				B811E92624B5ACE100E337C3 /* PostView */,
				B811E92424B5ACD400E337C3 /* Badges */,
			);
			path = Views;
			sourceTree = "<group>";
		};
		B84420B3238D3E2600462399 /* Models */ = {
			isa = PBXGroup;
			children = (
				B84420B4238D3E2600462399 /* PostAnimation.swift */,
				B8F027FB24AFDCD800428B50 /* Queue.swift */,
			);
			path = Models;
			sourceTree = "<group>";
		};
		B84420C3238D3F0A00462399 /* Example */ = {
			isa = PBXGroup;
			children = (
				B8926B9324B26C730084C2F4 /* ViewControllers */,
				B84420C4238D3F0A00462399 /* AppDelegate.swift */,
				B84420C6238D3F0A00462399 /* SceneDelegate.swift */,
				B84420CD238D3F0D00462399 /* Assets.xcassets */,
				B84420CF238D3F0D00462399 /* LaunchScreen.storyboard */,
				B84420D2238D3F0D00462399 /* Info.plist */,
			);
			path = Example;
			sourceTree = "<group>";
		};
		B8926B9324B26C730084C2F4 /* ViewControllers */ = {
			isa = PBXGroup;
			children = (
				B8926B8F24B26A200084C2F4 /* RootTableViewController.swift */,
				B84420C8238D3F0A00462399 /* GeneralViewController.swift */,
				B8926B9124B26A900084C2F4 /* PanViewController.swift */,
				B8AA024224B3752800F5BC4A /* BadgeMessageViewController.swift */,
				B811E93324B5D6D200E337C3 /* WindowViewController.swift */,
			);
			path = ViewControllers;
			sourceTree = "<group>";
		};
		B8AA020824B31D6D00F5BC4A /* Frameworks */ = {
			isa = PBXGroup;
			children = (
			);
			name = Frameworks;
			sourceTree = "<group>";
		};
		B8AA021D24B35D0C00F5BC4A /* Function */ = {
			isa = PBXGroup;
			children = (
				B8AA021E24B35DA300F5BC4A /* Function.swift */,
				B8AA022124B35DA300F5BC4A /* GrowFunction.swift */,
				B8AA022224B35DA300F5BC4A /* ScaleFunction.swift */,
				B8AA022324B35DA300F5BC4A /* ShakeFunction.swift */,
			);
			path = Function;
			sourceTree = "<group>";
		};
		B8AA023024B3609B00F5BC4A /* Theme */ = {
			isa = PBXGroup;
			children = (
				B8AA023124B360A700F5BC4A /* UIColor+Colors.swift */,
				B8AA023B24B3645A00F5BC4A /* UIImage+Images.swift */,
				B8AA024024B3675F00F5BC4A /* UILabel+Default.swift */,
				B8AA023E24B364F600F5BC4A /* Images.xcassets */,
			);
			path = Theme;
			sourceTree = "<group>";
		};
		B8AA024A24B3CA6D00F5BC4A /* PostManager */ = {
			isa = PBXGroup;
			children = (
				B8AA024B24B3CA7F00F5BC4A /* PostRequest.swift */,
				B8AA024F24B3DB8200F5BC4A /* UIViewPoster.swift */,
				B8AA024D24B3CB9B00F5BC4A /* PostManagerDelegate.swift */,
				B8AA024624B3B90800F5BC4A /* PostManager.swift */,
				B8AA024824B3C19400F5BC4A /* PostGestureManager.swift */,
				B811E92824B5AD7000E337C3 /* Poster.swift */,
				B8F027EE24AFB0C700428B50 /* UIView+Poster.swift */,
			);
			path = PostManager;
			sourceTree = "<group>";
		};
		B8BE92F42396C9DA0026E7AF /* Constraints */ = {
			isa = PBXGroup;
			children = (
				B8BE92F22396C9D00026E7AF /* SizeConstraints.swift */,
				B8905C9A24AE3F9B00306FAA /* EdgeConstraints.swift */,
				B811E93924B5FF2400E337C3 /* CenterConstraints.swift */,
				B84420BB238D3E3800462399 /* MessageLayout.swift */,
				B8905C9C24AE850C00306FAA /* Constrainable.swift */,
			);
			path = Constraints;
			sourceTree = "<group>";
		};
		B8FF3D4724B0873200426272 /* Constants */ = {
			isa = PBXGroup;
			children = (
				B8FF3D4824B0874200426272 /* TimeInterval+Defaults.swift */,
			);
			path = Constants;
			sourceTree = "<group>";
		};
/* End PBXGroup section */

/* Begin PBXHeadersBuildPhase section */
		B8442097238D3DF700462399 /* Headers */ = {
			isa = PBXHeadersBuildPhase;
			buildActionMask = 2147483647;
			files = (
				B84420A1238D3DF700462399 /* MessageStackView.h in Headers */,
			);
			runOnlyForDeploymentPostprocessing = 0;
		};
/* End PBXHeadersBuildPhase section */

/* Begin PBXNativeTarget section */
		B844209B238D3DF700462399 /* MessageStackView */ = {
			isa = PBXNativeTarget;
			buildConfigurationList = B84420A4238D3DF700462399 /* Build configuration list for PBXNativeTarget "MessageStackView" */;
			buildPhases = (
				B8442097238D3DF700462399 /* Headers */,
				B8442098238D3DF700462399 /* Sources */,
				B8442099238D3DF700462399 /* Frameworks */,
				B844209A238D3DF700462399 /* Resources */,
			);
			buildRules = (
			);
			dependencies = (
			);
			name = MessageStackView;
			productName = MessageStackView;
			productReference = B844209C238D3DF700462399 /* MessageStackView.framework */;
			productType = "com.apple.product-type.framework";
		};
		B84420C1238D3F0A00462399 /* Example */ = {
			isa = PBXNativeTarget;
			buildConfigurationList = B84420D3238D3F0D00462399 /* Build configuration list for PBXNativeTarget "Example" */;
			buildPhases = (
				B84420BE238D3F0A00462399 /* Sources */,
				B84420BF238D3F0A00462399 /* Frameworks */,
				B84420C0238D3F0A00462399 /* Resources */,
				B8AA020D24B31D6D00F5BC4A /* Embed Frameworks */,
			);
			buildRules = (
			);
			dependencies = (
				B84420D9238D430C00462399 /* PBXTargetDependency */,
				B8AA020C24B31D6D00F5BC4A /* PBXTargetDependency */,
			);
			name = Example;
			productName = Example;
			productReference = B84420C2238D3F0A00462399 /* Example.app */;
			productType = "com.apple.product-type.application";
		};
/* End PBXNativeTarget section */

/* Begin PBXProject section */
		B8442093238D3DF700462399 /* Project object */ = {
			isa = PBXProject;
			attributes = {
				LastSwiftUpdateCheck = 1120;
				LastUpgradeCheck = 1120;
				ORGANIZATIONNAME = "Ben Shutt";
				TargetAttributes = {
					B844209B238D3DF700462399 = {
						CreatedOnToolsVersion = 11.2.1;
					};
					B84420C1238D3F0A00462399 = {
						CreatedOnToolsVersion = 11.2.1;
					};
				};
			};
			buildConfigurationList = B8442096238D3DF700462399 /* Build configuration list for PBXProject "MessageStackView" */;
			compatibilityVersion = "Xcode 9.3";
			developmentRegion = en;
			hasScannedForEncodings = 0;
			knownRegions = (
				en,
				Base,
			);
			mainGroup = B8442092238D3DF700462399;
			productRefGroup = B844209D238D3DF700462399 /* Products */;
			projectDirPath = "";
			projectRoot = "";
			targets = (
				B844209B238D3DF700462399 /* MessageStackView */,
				B84420C1238D3F0A00462399 /* Example */,
			);
		};
/* End PBXProject section */

/* Begin PBXResourcesBuildPhase section */
		B844209A238D3DF700462399 /* Resources */ = {
			isa = PBXResourcesBuildPhase;
			buildActionMask = 2147483647;
			files = (
				B8905C9F24AE90AD00306FAA /* README.md in Resources */,
				B8AA023F24B364F600F5BC4A /* Images.xcassets in Resources */,
			);
			runOnlyForDeploymentPostprocessing = 0;
		};
		B84420C0238D3F0A00462399 /* Resources */ = {
			isa = PBXResourcesBuildPhase;
			buildActionMask = 2147483647;
			files = (
				B84420D1238D3F0D00462399 /* LaunchScreen.storyboard in Resources */,
				B84420CE238D3F0D00462399 /* Assets.xcassets in Resources */,
			);
			runOnlyForDeploymentPostprocessing = 0;
		};
/* End PBXResourcesBuildPhase section */

/* Begin PBXSourcesBuildPhase section */
		B8442098238D3DF700462399 /* Sources */ = {
			isa = PBXSourcesBuildPhase;
			buildActionMask = 2147483647;
			files = (
				B8AA022F24B35F7100F5BC4A /* UIEdgeInsets+Extensions.swift in Sources */,
				B8AA023224B360A700F5BC4A /* UIColor+Colors.swift in Sources */,
				B8073B4C2397B4BF00D248A1 /* MessageConfigurable.swift in Sources */,
				B8AA024E24B3CB9B00F5BC4A /* PostManagerDelegate.swift in Sources */,
				B8AA022824B35DA300F5BC4A /* ScaleFunction.swift in Sources */,
				B8AA023424B3619200F5BC4A /* UIView+Animation.swift in Sources */,
				B811E93824B5DA4C00E337C3 /* UIView+Extensions.swift in Sources */,
				B84420DE238D46D600462399 /* UIView+Shadow.swift in Sources */,
				B8AA024C24B3CA7F00F5BC4A /* PostRequest.swift in Sources */,
				B8AA022D24B35EA800F5BC4A /* CGRect+Extensions.swift in Sources */,
				B8AA025424B4AA7400F5BC4A /* PostView.swift in Sources */,
				B8F027F224AFD0D000428B50 /* Poster+Message.swift in Sources */,
				B8AA021524B33E1700F5BC4A /* UIApplication+StatusBar.swift in Sources */,
				B8F027EF24AFB0C700428B50 /* UIView+Poster.swift in Sources */,
				B8AA022924B35DA300F5BC4A /* ShakeFunction.swift in Sources */,
				B8AA027A24B51B5100F5BC4A /* Poster+BadgeMessage.swift in Sources */,
				B18849B724B8CE96004205E9 /* UIView+ShadowComponents.swift in Sources */,
				B8AA027C24B51B7D00F5BC4A /* BadgeMessage.swift in Sources */,
				B8905C9424AE3BDA00306FAA /* MessageView+Message.swift in Sources */,
				B8BE92F32396C9D00026E7AF /* SizeConstraints.swift in Sources */,
				B8AA021B24B35CAF00F5BC4A /* BadgeView.swift in Sources */,
				B8AA024924B3C19400F5BC4A /* PostGestureManager.swift in Sources */,
				B8AA022424B35DA300F5BC4A /* Function.swift in Sources */,
				B8905C9B24AE3F9B00306FAA /* EdgeConstraints.swift in Sources */,
				B84420DB238D444700462399 /* MessageConfiguration.swift in Sources */,
				B811E93A24B5FF2400E337C3 /* CenterConstraints.swift in Sources */,
				B8AA024124B3675F00F5BC4A /* UILabel+Default.swift in Sources */,
				B8AA022B24B35DDE00F5BC4A /* CALayer+Animation.swift in Sources */,
				B84420D7238D3FAB00462399 /* MessageStackView.swift in Sources */,
				B8905C9D24AE850C00306FAA /* Constrainable.swift in Sources */,
				B8AA025024B3DB8200F5BC4A /* UIViewPoster.swift in Sources */,
				B84420AF238D3E1500462399 /* UIView+SafeArea.swift in Sources */,
				B8FF3D4E24B13ACE00426272 /* MessageViewable.swift in Sources */,
				B8F027F824AFD3DF00428B50 /* Message+MessageConfigurable.swift in Sources */,
				B8F027FA24AFD5E200428B50 /* DispatchQueue+Extensions.swift in Sources */,
				B84420B7238D3E2600462399 /* PostAnimation.swift in Sources */,
				B8F027F624AFD3A900428B50 /* UIView+Hidden.swift in Sources */,
				B84420AC238D3E1500462399 /* String+Extensions.swift in Sources */,
				B8AA022724B35DA300F5BC4A /* GrowFunction.swift in Sources */,
				B8AA021A24B35CAF00F5BC4A /* BadgeContainerView.swift in Sources */,
				B8AA021C24B35CAF00F5BC4A /* ShakeView.swift in Sources */,
				B8AA023A24B363E200F5BC4A /* BadgeMessageView.swift in Sources */,
				B811E92924B5AD7000E337C3 /* Poster.swift in Sources */,
				B8AA024524B3767200F5BC4A /* BadgeMessageView+BadgeMessage.swift in Sources */,
				B8F027FC24AFDCD800428B50 /* Queue.swift in Sources */,
				B84420B2238D3E2000462399 /* MessageView.swift in Sources */,
				B8FF3D4924B0874200426272 /* TimeInterval+Defaults.swift in Sources */,
				B811E92E24B5B14800E337C3 /* BadgeMessageViewable.swift in Sources */,
				B8AA024724B3B90800F5BC4A /* PostManager.swift in Sources */,
				B84420B8238D3E2600462399 /* Message.swift in Sources */,
				B84420BD238D3E3800462399 /* MessageLayout.swift in Sources */,
				B8AA023C24B3645A00F5BC4A /* UIImage+Images.swift in Sources */,
			);
			runOnlyForDeploymentPostprocessing = 0;
		};
		B84420BE238D3F0A00462399 /* Sources */ = {
			isa = PBXSourcesBuildPhase;
			buildActionMask = 2147483647;
			files = (
				B811E93424B5D6D200E337C3 /* WindowViewController.swift in Sources */,
				B8AA024324B3752800F5BC4A /* BadgeMessageViewController.swift in Sources */,
				B84420C9238D3F0A00462399 /* GeneralViewController.swift in Sources */,
				B84420C5238D3F0A00462399 /* AppDelegate.swift in Sources */,
				B84420C7238D3F0A00462399 /* SceneDelegate.swift in Sources */,
				B8926B9224B26A900084C2F4 /* PanViewController.swift in Sources */,
				B8926B9024B26A200084C2F4 /* RootTableViewController.swift in Sources */,
			);
			runOnlyForDeploymentPostprocessing = 0;
		};
/* End PBXSourcesBuildPhase section */

/* Begin PBXTargetDependency section */
		B84420D9238D430C00462399 /* PBXTargetDependency */ = {
			isa = PBXTargetDependency;
			target = B844209B238D3DF700462399 /* MessageStackView */;
			targetProxy = B84420D8238D430C00462399 /* PBXContainerItemProxy */;
		};
		B8AA020C24B31D6D00F5BC4A /* PBXTargetDependency */ = {
			isa = PBXTargetDependency;
			target = B844209B238D3DF700462399 /* MessageStackView */;
			targetProxy = B8AA020B24B31D6D00F5BC4A /* PBXContainerItemProxy */;
		};
/* End PBXTargetDependency section */

/* Begin PBXVariantGroup section */
		B84420CF238D3F0D00462399 /* LaunchScreen.storyboard */ = {
			isa = PBXVariantGroup;
			children = (
				B84420D0238D3F0D00462399 /* Base */,
			);
			name = LaunchScreen.storyboard;
			sourceTree = "<group>";
		};
/* End PBXVariantGroup section */

/* Begin XCBuildConfiguration section */
		B84420A2238D3DF700462399 /* Debug */ = {
			isa = XCBuildConfiguration;
			buildSettings = {
				ALWAYS_SEARCH_USER_PATHS = NO;
				CLANG_ANALYZER_NONNULL = YES;
				CLANG_ANALYZER_NUMBER_OBJECT_CONVERSION = YES_AGGRESSIVE;
				CLANG_CXX_LANGUAGE_STANDARD = "gnu++14";
				CLANG_CXX_LIBRARY = "libc++";
				CLANG_ENABLE_MODULES = YES;
				CLANG_ENABLE_OBJC_ARC = YES;
				CLANG_ENABLE_OBJC_WEAK = YES;
				CLANG_WARN_BLOCK_CAPTURE_AUTORELEASING = YES;
				CLANG_WARN_BOOL_CONVERSION = YES;
				CLANG_WARN_COMMA = YES;
				CLANG_WARN_CONSTANT_CONVERSION = YES;
				CLANG_WARN_DEPRECATED_OBJC_IMPLEMENTATIONS = YES;
				CLANG_WARN_DIRECT_OBJC_ISA_USAGE = YES_ERROR;
				CLANG_WARN_DOCUMENTATION_COMMENTS = YES;
				CLANG_WARN_EMPTY_BODY = YES;
				CLANG_WARN_ENUM_CONVERSION = YES;
				CLANG_WARN_INFINITE_RECURSION = YES;
				CLANG_WARN_INT_CONVERSION = YES;
				CLANG_WARN_NON_LITERAL_NULL_CONVERSION = YES;
				CLANG_WARN_OBJC_IMPLICIT_RETAIN_SELF = YES;
				CLANG_WARN_OBJC_LITERAL_CONVERSION = YES;
				CLANG_WARN_OBJC_ROOT_CLASS = YES_ERROR;
				CLANG_WARN_RANGE_LOOP_ANALYSIS = YES;
				CLANG_WARN_STRICT_PROTOTYPES = YES;
				CLANG_WARN_SUSPICIOUS_MOVE = YES;
				CLANG_WARN_UNGUARDED_AVAILABILITY = YES_AGGRESSIVE;
				CLANG_WARN_UNREACHABLE_CODE = YES;
				CLANG_WARN__DUPLICATE_METHOD_MATCH = YES;
				COPY_PHASE_STRIP = NO;
				CURRENT_PROJECT_VERSION = 1;
				DEBUG_INFORMATION_FORMAT = dwarf;
				ENABLE_STRICT_OBJC_MSGSEND = YES;
				ENABLE_TESTABILITY = YES;
				GCC_C_LANGUAGE_STANDARD = gnu11;
				GCC_DYNAMIC_NO_PIC = NO;
				GCC_NO_COMMON_BLOCKS = YES;
				GCC_OPTIMIZATION_LEVEL = 0;
				GCC_PREPROCESSOR_DEFINITIONS = (
					"DEBUG=1",
					"$(inherited)",
				);
				GCC_WARN_64_TO_32_BIT_CONVERSION = YES;
				GCC_WARN_ABOUT_RETURN_TYPE = YES_ERROR;
				GCC_WARN_UNDECLARED_SELECTOR = YES;
				GCC_WARN_UNINITIALIZED_AUTOS = YES_AGGRESSIVE;
				GCC_WARN_UNUSED_FUNCTION = YES;
				GCC_WARN_UNUSED_VARIABLE = YES;
				IPHONEOS_DEPLOYMENT_TARGET = 13.2;
				MTL_ENABLE_DEBUG_INFO = INCLUDE_SOURCE;
				MTL_FAST_MATH = YES;
				ONLY_ACTIVE_ARCH = YES;
				SDKROOT = iphoneos;
				SWIFT_ACTIVE_COMPILATION_CONDITIONS = DEBUG;
				SWIFT_OPTIMIZATION_LEVEL = "-Onone";
				VERSIONING_SYSTEM = "apple-generic";
				VERSION_INFO_PREFIX = "";
			};
			name = Debug;
		};
		B84420A3238D3DF700462399 /* Release */ = {
			isa = XCBuildConfiguration;
			buildSettings = {
				ALWAYS_SEARCH_USER_PATHS = NO;
				CLANG_ANALYZER_NONNULL = YES;
				CLANG_ANALYZER_NUMBER_OBJECT_CONVERSION = YES_AGGRESSIVE;
				CLANG_CXX_LANGUAGE_STANDARD = "gnu++14";
				CLANG_CXX_LIBRARY = "libc++";
				CLANG_ENABLE_MODULES = YES;
				CLANG_ENABLE_OBJC_ARC = YES;
				CLANG_ENABLE_OBJC_WEAK = YES;
				CLANG_WARN_BLOCK_CAPTURE_AUTORELEASING = YES;
				CLANG_WARN_BOOL_CONVERSION = YES;
				CLANG_WARN_COMMA = YES;
				CLANG_WARN_CONSTANT_CONVERSION = YES;
				CLANG_WARN_DEPRECATED_OBJC_IMPLEMENTATIONS = YES;
				CLANG_WARN_DIRECT_OBJC_ISA_USAGE = YES_ERROR;
				CLANG_WARN_DOCUMENTATION_COMMENTS = YES;
				CLANG_WARN_EMPTY_BODY = YES;
				CLANG_WARN_ENUM_CONVERSION = YES;
				CLANG_WARN_INFINITE_RECURSION = YES;
				CLANG_WARN_INT_CONVERSION = YES;
				CLANG_WARN_NON_LITERAL_NULL_CONVERSION = YES;
				CLANG_WARN_OBJC_IMPLICIT_RETAIN_SELF = YES;
				CLANG_WARN_OBJC_LITERAL_CONVERSION = YES;
				CLANG_WARN_OBJC_ROOT_CLASS = YES_ERROR;
				CLANG_WARN_RANGE_LOOP_ANALYSIS = YES;
				CLANG_WARN_STRICT_PROTOTYPES = YES;
				CLANG_WARN_SUSPICIOUS_MOVE = YES;
				CLANG_WARN_UNGUARDED_AVAILABILITY = YES_AGGRESSIVE;
				CLANG_WARN_UNREACHABLE_CODE = YES;
				CLANG_WARN__DUPLICATE_METHOD_MATCH = YES;
				COPY_PHASE_STRIP = NO;
				CURRENT_PROJECT_VERSION = 1;
				DEBUG_INFORMATION_FORMAT = "dwarf-with-dsym";
				ENABLE_NS_ASSERTIONS = NO;
				ENABLE_STRICT_OBJC_MSGSEND = YES;
				GCC_C_LANGUAGE_STANDARD = gnu11;
				GCC_NO_COMMON_BLOCKS = YES;
				GCC_WARN_64_TO_32_BIT_CONVERSION = YES;
				GCC_WARN_ABOUT_RETURN_TYPE = YES_ERROR;
				GCC_WARN_UNDECLARED_SELECTOR = YES;
				GCC_WARN_UNINITIALIZED_AUTOS = YES_AGGRESSIVE;
				GCC_WARN_UNUSED_FUNCTION = YES;
				GCC_WARN_UNUSED_VARIABLE = YES;
				IPHONEOS_DEPLOYMENT_TARGET = 13.2;
				MTL_ENABLE_DEBUG_INFO = NO;
				MTL_FAST_MATH = YES;
				SDKROOT = iphoneos;
				SWIFT_COMPILATION_MODE = wholemodule;
				SWIFT_OPTIMIZATION_LEVEL = "-O";
				VALIDATE_PRODUCT = YES;
				VERSIONING_SYSTEM = "apple-generic";
				VERSION_INFO_PREFIX = "";
			};
			name = Release;
		};
		B84420A5238D3DF700462399 /* Debug */ = {
			isa = XCBuildConfiguration;
			buildSettings = {
				CODE_SIGN_STYLE = Automatic;
				DEFINES_MODULE = YES;
				DEVELOPMENT_TEAM = "";
				DYLIB_COMPATIBILITY_VERSION = 1;
				DYLIB_CURRENT_VERSION = 1;
				DYLIB_INSTALL_NAME_BASE = "@rpath";
				INFOPLIST_FILE = MessageStackView/Info.plist;
				INSTALL_PATH = "$(LOCAL_LIBRARY_DIR)/Frameworks";
				IPHONEOS_DEPLOYMENT_TARGET = 12.0;
				LD_RUNPATH_SEARCH_PATHS = (
					"$(inherited)",
					"@executable_path/Frameworks",
					"@loader_path/Frameworks",
				);
				MARKETING_VERSION = 1.0.1;
				PRODUCT_BUNDLE_IDENTIFIER = com.3sidedcube.MessageStackView;
				PRODUCT_NAME = "$(TARGET_NAME:c99extidentifier)";
				SKIP_INSTALL = YES;
				SWIFT_VERSION = 5.0;
				TARGETED_DEVICE_FAMILY = "1,2";
			};
			name = Debug;
		};
		B84420A6238D3DF700462399 /* Release */ = {
			isa = XCBuildConfiguration;
			buildSettings = {
				CODE_SIGN_STYLE = Automatic;
				DEFINES_MODULE = YES;
				DEVELOPMENT_TEAM = "";
				DYLIB_COMPATIBILITY_VERSION = 1;
				DYLIB_CURRENT_VERSION = 1;
				DYLIB_INSTALL_NAME_BASE = "@rpath";
				INFOPLIST_FILE = MessageStackView/Info.plist;
				INSTALL_PATH = "$(LOCAL_LIBRARY_DIR)/Frameworks";
				IPHONEOS_DEPLOYMENT_TARGET = 12.0;
				LD_RUNPATH_SEARCH_PATHS = (
					"$(inherited)",
					"@executable_path/Frameworks",
					"@loader_path/Frameworks",
				);
				MARKETING_VERSION = 1.0.1;
				PRODUCT_BUNDLE_IDENTIFIER = com.3sidedcube.MessageStackView;
				PRODUCT_NAME = "$(TARGET_NAME:c99extidentifier)";
				SKIP_INSTALL = YES;
				SWIFT_VERSION = 5.0;
				TARGETED_DEVICE_FAMILY = "1,2";
			};
			name = Release;
		};
		B84420D4238D3F0D00462399 /* Debug */ = {
			isa = XCBuildConfiguration;
			buildSettings = {
				ASSETCATALOG_COMPILER_APPICON_NAME = AppIcon;
				CODE_SIGN_STYLE = Automatic;
				DEVELOPMENT_TEAM = 25H7BM6YWK;
				INFOPLIST_FILE = Example/Info.plist;
				LD_RUNPATH_SEARCH_PATHS = (
					"$(inherited)",
					"@executable_path/Frameworks",
				);
				PRODUCT_BUNDLE_IDENTIFIER = com.3sidedcube.Example;
				PRODUCT_NAME = "$(TARGET_NAME)";
				SWIFT_VERSION = 5.0;
				TARGETED_DEVICE_FAMILY = "1,2";
			};
			name = Debug;
		};
		B84420D5238D3F0D00462399 /* Release */ = {
			isa = XCBuildConfiguration;
			buildSettings = {
				ASSETCATALOG_COMPILER_APPICON_NAME = AppIcon;
				CODE_SIGN_STYLE = Automatic;
				DEVELOPMENT_TEAM = 25H7BM6YWK;
				INFOPLIST_FILE = Example/Info.plist;
				LD_RUNPATH_SEARCH_PATHS = (
					"$(inherited)",
					"@executable_path/Frameworks",
				);
				PRODUCT_BUNDLE_IDENTIFIER = com.3sidedcube.Example;
				PRODUCT_NAME = "$(TARGET_NAME)";
				SWIFT_VERSION = 5.0;
				TARGETED_DEVICE_FAMILY = "1,2";
			};
			name = Release;
		};
/* End XCBuildConfiguration section */

/* Begin XCConfigurationList section */
		B8442096238D3DF700462399 /* Build configuration list for PBXProject "MessageStackView" */ = {
			isa = XCConfigurationList;
			buildConfigurations = (
				B84420A2238D3DF700462399 /* Debug */,
				B84420A3238D3DF700462399 /* Release */,
			);
			defaultConfigurationIsVisible = 0;
			defaultConfigurationName = Release;
		};
		B84420A4238D3DF700462399 /* Build configuration list for PBXNativeTarget "MessageStackView" */ = {
			isa = XCConfigurationList;
			buildConfigurations = (
				B84420A5238D3DF700462399 /* Debug */,
				B84420A6238D3DF700462399 /* Release */,
			);
			defaultConfigurationIsVisible = 0;
			defaultConfigurationName = Release;
		};
		B84420D3238D3F0D00462399 /* Build configuration list for PBXNativeTarget "Example" */ = {
			isa = XCConfigurationList;
			buildConfigurations = (
				B84420D4238D3F0D00462399 /* Debug */,
				B84420D5238D3F0D00462399 /* Release */,
			);
			defaultConfigurationIsVisible = 0;
			defaultConfigurationName = Release;
		};
/* End XCConfigurationList section */
	};
	rootObject = B8442093238D3DF700462399 /* Project object */;
}
