// !$*UTF8*$!
{
	archiveVersion = 1;
	classes = {
	};
	objectVersion = 54;
	objects = {

/* Begin PBXAggregateTarget section */
		"MessageStackView::MessageStackViewPackageTests::ProductTarget" /* MessageStackViewPackageTests */ = {
			isa = PBXAggregateTarget;
			buildConfigurationList = OBJ_151 /* Build configuration list for PBXAggregateTarget "MessageStackViewPackageTests" */;
			buildPhases = (
			);
			dependencies = (
				OBJ_154 /* PBXTargetDependency */,
			);
			name = MessageStackViewPackageTests;
			productName = MessageStackViewPackageTests;
		};
/* End PBXAggregateTarget section */

/* Begin PBXBuildFile section */
		B80B92AB2527324400F97364 /* Vector3.swift in Sources */ = {isa = PBXBuildFile; fileRef = B80B92AA2527324400F97364 /* Vector3.swift */; };
		B81727F024D6CC9F0062282B /* PostViewController.swift in Sources */ = {isa = PBXBuildFile; fileRef = B81727EF24D6CC9F0062282B /* PostViewController.swift */; };
		B81AEE4A24FFED230068CE23 /* Corner.swift in Sources */ = {isa = PBXBuildFile; fileRef = B81AEE4924FFED230068CE23 /* Corner.swift */; };
		B81AEE4C24FFEE520068CE23 /* FloatingPoint+Equals.swift in Sources */ = {isa = PBXBuildFile; fileRef = B81AEE4B24FFEE520068CE23 /* FloatingPoint+Equals.swift */; };
		B81AEE4E24FFF2650068CE23 /* ShadowView.swift in Sources */ = {isa = PBXBuildFile; fileRef = B81AEE4D24FFF2650068CE23 /* ShadowView.swift */; };
		B81AEE5024FFF27A0068CE23 /* ShadowLayer.swift in Sources */ = {isa = PBXBuildFile; fileRef = B81AEE4F24FFF27A0068CE23 /* ShadowLayer.swift */; };
		B81AEE5224FFFB2E0068CE23 /* ParentShadowLayer.swift in Sources */ = {isa = PBXBuildFile; fileRef = B81AEE5124FFFB2E0068CE23 /* ParentShadowLayer.swift */; };
		B81AEE5425003F270068CE23 /* ShadowViewController.swift in Sources */ = {isa = PBXBuildFile; fileRef = B81AEE5325003F270068CE23 /* ShadowViewController.swift */; };
		B82405672668F6A200E4178B /* EdgeLayoutGuide.swift in Sources */ = {isa = PBXBuildFile; fileRef = B82405662668F6A200E4178B /* EdgeLayoutGuide.swift */; };
		B83CACB12667D5CE008FB755 /* Order.swift in Sources */ = {isa = PBXBuildFile; fileRef = B83CACB02667D5CE008FB755 /* Order.swift */; };
		B83CACB32667D97E008FB755 /* Toast.swift in Sources */ = {isa = PBXBuildFile; fileRef = B83CACB22667D97E008FB755 /* Toast.swift */; };
		B83CACB52667DA8A008FB755 /* ToastViewController.swift in Sources */ = {isa = PBXBuildFile; fileRef = B83CACB42667DA8A008FB755 /* ToastViewController.swift */; };
		B872BE8725A3874C0031D619 /* UIImageView+Hidden.swift in Sources */ = {isa = PBXBuildFile; fileRef = B872BE8625A3874C0031D619 /* UIImageView+Hidden.swift */; };
		B872BE9125A387570031D619 /* UILabel+Hidden.swift in Sources */ = {isa = PBXBuildFile; fileRef = B872BE9025A387570031D619 /* UILabel+Hidden.swift */; };
		B875C98925126EB200FA05B5 /* UIViewController+System.swift in Sources */ = {isa = PBXBuildFile; fileRef = B875C98825126EB200FA05B5 /* UIViewController+System.swift */; };
		B875C98F251270A200FA05B5 /* SystemViewControllerTests.swift in Sources */ = {isa = PBXBuildFile; fileRef = B875C98E251270A200FA05B5 /* SystemViewControllerTests.swift */; };
		B87CC94D24C9FB80002B697C /* Array+Extensions.swift in Sources */ = {isa = PBXBuildFile; fileRef = B87CC94B24C9F5A3002B697C /* Array+Extensions.swift */; };
		B87CC95124CAE56E002B697C /* Reachability.m in Sources */ = {isa = PBXBuildFile; fileRef = B87CC95024CAE56E002B697C /* Reachability.m */; };
		B87CC95324CAE5A5002B697C /* ConnectivityManager.swift in Sources */ = {isa = PBXBuildFile; fileRef = B87CC95224CAE5A5002B697C /* ConnectivityManager.swift */; };
		B87CC95924CAED4C002B697C /* Reachability.h in Headers */ = {isa = PBXBuildFile; fileRef = B87CC94F24CAE56E002B697C /* Reachability.h */; settings = {ATTRIBUTES = (Public, ); }; };
		B87CC98724CAF4E7002B697C /* MessageStackView.h in Headers */ = {isa = PBXBuildFile; fileRef = OBJ_8 /* MessageStackView.h */; settings = {ATTRIBUTES = (Public, ); }; };
		B87CC98924CAF6D6002B697C /* ConnectivityManager+Notification.swift in Sources */ = {isa = PBXBuildFile; fileRef = B87CC98824CAF6D6002B697C /* ConnectivityManager+Notification.swift */; };
		B87CC98B24CB02F8002B697C /* ConnectivityViewController.swift in Sources */ = {isa = PBXBuildFile; fileRef = B87CC98A24CB02F8002B697C /* ConnectivityViewController.swift */; };
		B87CC99124CB2370002B697C /* Assets.xcassets in Resources */ = {isa = PBXBuildFile; fileRef = B87CC98E24CB21E1002B697C /* Assets.xcassets */; };
		B87CC99324CB48DD002B697C /* ConnectivityMessageable.swift in Sources */ = {isa = PBXBuildFile; fileRef = B87CC99224CB48DD002B697C /* ConnectivityMessageable.swift */; };
		B87CC99524CB4A0E002B697C /* MessageView+NoInternet.swift in Sources */ = {isa = PBXBuildFile; fileRef = B87CC99424CB4A0D002B697C /* MessageView+NoInternet.swift */; };
		B87CC99D24CC263E002B697C /* NoInternetTabBarController.swift in Sources */ = {isa = PBXBuildFile; fileRef = B87CC99C24CC263E002B697C /* NoInternetTabBarController.swift */; };
		B87CC9A024CC2829002B697C /* UIButton+Extensions.swift in Sources */ = {isa = PBXBuildFile; fileRef = B87CC99F24CC2829002B697C /* UIButton+Extensions.swift */; };
		B8BB088224C4BC46000E2E87 /* RootTableViewController.swift in Sources */ = {isa = PBXBuildFile; fileRef = B8BB087424C4BC46000E2E87 /* RootTableViewController.swift */; };
		B8BB088424C4BC46000E2E87 /* WindowViewController.swift in Sources */ = {isa = PBXBuildFile; fileRef = B8BB087624C4BC46000E2E87 /* WindowViewController.swift */; };
		B8BB088624C4BC46000E2E87 /* BadgeMessageViewController.swift in Sources */ = {isa = PBXBuildFile; fileRef = B8BB087824C4BC46000E2E87 /* BadgeMessageViewController.swift */; };
		B8BB088724C4BC46000E2E87 /* MessageViewController.swift in Sources */ = {isa = PBXBuildFile; fileRef = B8BB087924C4BC46000E2E87 /* MessageViewController.swift */; };
		B8BB088824C4BC46000E2E87 /* UIImage+Images.swift in Sources */ = {isa = PBXBuildFile; fileRef = B8BB087B24C4BC46000E2E87 /* UIImage+Images.swift */; };
		B8BB088924C4BC46000E2E87 /* UIColor+Colors.swift in Sources */ = {isa = PBXBuildFile; fileRef = B8BB087C24C4BC46000E2E87 /* UIColor+Colors.swift */; };
		B8BB088A24C4BC46000E2E87 /* AppDelegate.swift in Sources */ = {isa = PBXBuildFile; fileRef = B8BB087D24C4BC46000E2E87 /* AppDelegate.swift */; };
		B8BB088C24C4BC46000E2E87 /* SceneDelegate.swift in Sources */ = {isa = PBXBuildFile; fileRef = B8BB087F24C4BC46000E2E87 /* SceneDelegate.swift */; };
		B8BB088E24C4BCC2000E2E87 /* MessageStackView.framework in Frameworks */ = {isa = PBXBuildFile; fileRef = "MessageStackView::MessageStackView::Product" /* MessageStackView.framework */; };
		B8BB088F24C4BCC2000E2E87 /* MessageStackView.framework in Embed Frameworks */ = {isa = PBXBuildFile; fileRef = "MessageStackView::MessageStackView::Product" /* MessageStackView.framework */; settings = {ATTRIBUTES = (CodeSignOnCopy, RemoveHeadersOnCopy, ); }; };
		B8BB089324C4BD01000E2E87 /* Assets.xcassets in Resources */ = {isa = PBXBuildFile; fileRef = B8BB087024C4BC46000E2E87 /* Assets.xcassets */; };
		B8BB089524C4BD09000E2E87 /* LaunchScreen.storyboard in Resources */ = {isa = PBXBuildFile; fileRef = B8BB087124C4BC46000E2E87 /* LaunchScreen.storyboard */; };
		B8BCDA8324CD8E920067F26C /* ConnectivityManager+MessageManager.swift in Sources */ = {isa = PBXBuildFile; fileRef = B8BCDA8224CD8E920067F26C /* ConnectivityManager+MessageManager.swift */; };
		B8BCDA8524CD8EB20067F26C /* UIApplication+KeyWindow.swift in Sources */ = {isa = PBXBuildFile; fileRef = B8BCDA8424CD8EB10067F26C /* UIApplication+KeyWindow.swift */; };
		B8BCDA8B24CDB55B0067F26C /* UIViewController+Lifecycle.h in Headers */ = {isa = PBXBuildFile; fileRef = B8BCDA8924CDB55B0067F26C /* UIViewController+Lifecycle.h */; settings = {ATTRIBUTES = (Public, ); }; };
		B8BCDA8C24CDB55B0067F26C /* UIViewController+Lifecycle.m in Sources */ = {isa = PBXBuildFile; fileRef = B8BCDA8A24CDB55B0067F26C /* UIViewController+Lifecycle.m */; };
		B8BCDA8F24CDB8580067F26C /* SwizzledMethod.h in Headers */ = {isa = PBXBuildFile; fileRef = B8BCDA8D24CDB8580067F26C /* SwizzledMethod.h */; };
		B8BCDA9024CDB8580067F26C /* SwizzledMethod.m in Sources */ = {isa = PBXBuildFile; fileRef = B8BCDA8E24CDB8580067F26C /* SwizzledMethod.m */; };
		B8E1CEE92500DA37002BFE77 /* UIColor+Hex.swift in Sources */ = {isa = PBXBuildFile; fileRef = B8E1CEE82500DA37002BFE77 /* UIColor+Hex.swift */; };
		B8E1CEEB2500DEA0002BFE77 /* UIView+ShadowLayer.swift in Sources */ = {isa = PBXBuildFile; fileRef = B8E1CEEA2500DEA0002BFE77 /* UIView+ShadowLayer.swift */; };
		B8E1CEEF2500F88C002BFE77 /* NeuomorphicShadow.swift in Sources */ = {isa = PBXBuildFile; fileRef = B8E1CEEE2500F88C002BFE77 /* NeuomorphicShadow.swift */; };
		B8E1CEF1250117A2002BFE77 /* CALayer+SketchShadow.swift in Sources */ = {isa = PBXBuildFile; fileRef = B8E1CEF0250117A2002BFE77 /* CALayer+SketchShadow.swift */; };
		B8F1C76324D8198E007C2712 /* ApplicationPostView.swift in Sources */ = {isa = PBXBuildFile; fileRef = B8F1C76224D8198E007C2712 /* ApplicationPostView.swift */; };
		OBJ_100 /* String+Extensions.swift in Sources */ = {isa = PBXBuildFile; fileRef = OBJ_22 /* String+Extensions.swift */; };
		OBJ_101 /* UIApplication+StatusBar.swift in Sources */ = {isa = PBXBuildFile; fileRef = OBJ_23 /* UIApplication+StatusBar.swift */; };
		OBJ_102 /* UIEdgeInsets+Extensions.swift in Sources */ = {isa = PBXBuildFile; fileRef = OBJ_24 /* UIEdgeInsets+Extensions.swift */; };
		OBJ_103 /* UIView+Animation.swift in Sources */ = {isa = PBXBuildFile; fileRef = OBJ_25 /* UIView+Animation.swift */; };
		OBJ_104 /* UIView+Extensions.swift in Sources */ = {isa = PBXBuildFile; fileRef = OBJ_26 /* UIView+Extensions.swift */; };
		OBJ_106 /* UIView+SafeArea.swift in Sources */ = {isa = PBXBuildFile; fileRef = OBJ_28 /* UIView+SafeArea.swift */; };
		OBJ_107 /* UIView+Shadow.swift in Sources */ = {isa = PBXBuildFile; fileRef = OBJ_29 /* UIView+Shadow.swift */; };
		OBJ_108 /* UIView+ShadowComponents.swift in Sources */ = {isa = PBXBuildFile; fileRef = OBJ_30 /* UIView+ShadowComponents.swift */; };
		OBJ_109 /* Function.swift in Sources */ = {isa = PBXBuildFile; fileRef = OBJ_32 /* Function.swift */; };
		OBJ_110 /* GrowFunction.swift in Sources */ = {isa = PBXBuildFile; fileRef = OBJ_33 /* GrowFunction.swift */; };
		OBJ_111 /* ScaleFunction.swift in Sources */ = {isa = PBXBuildFile; fileRef = OBJ_34 /* ScaleFunction.swift */; };
		OBJ_112 /* ShakeFunction.swift in Sources */ = {isa = PBXBuildFile; fileRef = OBJ_35 /* ShakeFunction.swift */; };
		OBJ_113 /* BadgeMessage.swift in Sources */ = {isa = PBXBuildFile; fileRef = OBJ_38 /* BadgeMessage.swift */; };
		OBJ_114 /* BadgeMessageView+BadgeMessage.swift in Sources */ = {isa = PBXBuildFile; fileRef = OBJ_39 /* BadgeMessageView+BadgeMessage.swift */; };
		OBJ_115 /* BadgeMessageView.swift in Sources */ = {isa = PBXBuildFile; fileRef = OBJ_40 /* BadgeMessageView.swift */; };
		OBJ_116 /* BadgeMessageViewable.swift in Sources */ = {isa = PBXBuildFile; fileRef = OBJ_41 /* BadgeMessageViewable.swift */; };
		OBJ_117 /* Poster+BadgeMessage.swift in Sources */ = {isa = PBXBuildFile; fileRef = OBJ_42 /* Poster+BadgeMessage.swift */; };
		OBJ_118 /* Message.swift in Sources */ = {isa = PBXBuildFile; fileRef = OBJ_44 /* Message.swift */; };
		OBJ_119 /* MessageView+Message.swift in Sources */ = {isa = PBXBuildFile; fileRef = OBJ_45 /* MessageView+Message.swift */; };
		OBJ_120 /* MessageView.swift in Sources */ = {isa = PBXBuildFile; fileRef = OBJ_46 /* MessageView.swift */; };
		OBJ_121 /* MessageViewable.swift in Sources */ = {isa = PBXBuildFile; fileRef = OBJ_47 /* MessageViewable.swift */; };
		OBJ_122 /* Poster+Message.swift in Sources */ = {isa = PBXBuildFile; fileRef = OBJ_48 /* Poster+Message.swift */; };
		OBJ_123 /* MessageView+MessageConfigurable.swift in Sources */ = {isa = PBXBuildFile; fileRef = OBJ_50 /* MessageView+MessageConfigurable.swift */; };
		OBJ_124 /* MessageConfigurable.swift in Sources */ = {isa = PBXBuildFile; fileRef = OBJ_51 /* MessageConfigurable.swift */; };
		OBJ_125 /* MessageConfiguration.swift in Sources */ = {isa = PBXBuildFile; fileRef = OBJ_52 /* MessageConfiguration.swift */; };
		OBJ_126 /* PostAnimation.swift in Sources */ = {isa = PBXBuildFile; fileRef = OBJ_54 /* PostAnimation.swift */; };
		OBJ_127 /* Queue.swift in Sources */ = {isa = PBXBuildFile; fileRef = OBJ_55 /* Queue.swift */; };
		OBJ_128 /* PostGestureManager.swift in Sources */ = {isa = PBXBuildFile; fileRef = OBJ_57 /* PostGestureManager.swift */; };
		OBJ_129 /* PostManager.swift in Sources */ = {isa = PBXBuildFile; fileRef = OBJ_58 /* PostManager.swift */; };
		OBJ_130 /* PostManagerDelegate.swift in Sources */ = {isa = PBXBuildFile; fileRef = OBJ_59 /* PostManagerDelegate.swift */; };
		OBJ_131 /* PostRequest.swift in Sources */ = {isa = PBXBuildFile; fileRef = OBJ_60 /* PostRequest.swift */; };
		OBJ_132 /* Poster.swift in Sources */ = {isa = PBXBuildFile; fileRef = OBJ_61 /* Poster.swift */; };
		OBJ_133 /* UIView+Poster.swift in Sources */ = {isa = PBXBuildFile; fileRef = OBJ_62 /* UIView+Poster.swift */; };
		OBJ_134 /* UIViewPoster.swift in Sources */ = {isa = PBXBuildFile; fileRef = OBJ_63 /* UIViewPoster.swift */; };
		OBJ_135 /* UIColor+Colors.swift in Sources */ = {isa = PBXBuildFile; fileRef = OBJ_65 /* UIColor+Colors.swift */; };
		OBJ_136 /* UIImage+Images.swift in Sources */ = {isa = PBXBuildFile; fileRef = OBJ_66 /* UIImage+Images.swift */; };
		OBJ_137 /* UILabel+Default.swift in Sources */ = {isa = PBXBuildFile; fileRef = OBJ_67 /* UILabel+Default.swift */; };
		OBJ_138 /* BadgeContainerView.swift in Sources */ = {isa = PBXBuildFile; fileRef = OBJ_70 /* BadgeContainerView.swift */; };
		OBJ_139 /* BadgeView.swift in Sources */ = {isa = PBXBuildFile; fileRef = OBJ_71 /* BadgeView.swift */; };
		OBJ_140 /* ShakeView.swift in Sources */ = {isa = PBXBuildFile; fileRef = OBJ_72 /* ShakeView.swift */; };
		OBJ_141 /* MessageStackView.swift in Sources */ = {isa = PBXBuildFile; fileRef = OBJ_74 /* MessageStackView.swift */; };
		OBJ_142 /* PostView.swift in Sources */ = {isa = PBXBuildFile; fileRef = OBJ_75 /* PostView.swift */; };
		OBJ_149 /* Package.swift in Sources */ = {isa = PBXBuildFile; fileRef = OBJ_6 /* Package.swift */; };
		OBJ_160 /* ArrayExtensionTests.swift in Sources */ = {isa = PBXBuildFile; fileRef = OBJ_78 /* ArrayExtensionTests.swift */; };
		OBJ_161 /* XCTestManifests.swift in Sources */ = {isa = PBXBuildFile; fileRef = OBJ_79 /* XCTestManifests.swift */; };
		OBJ_163 /* MessageStackView.framework in Frameworks */ = {isa = PBXBuildFile; fileRef = "MessageStackView::MessageStackView::Product" /* MessageStackView.framework */; };
		OBJ_91 /* TimeInterval+Defaults.swift in Sources */ = {isa = PBXBuildFile; fileRef = OBJ_11 /* TimeInterval+Defaults.swift */; };
		OBJ_92 /* CenterConstraints.swift in Sources */ = {isa = PBXBuildFile; fileRef = OBJ_13 /* CenterConstraints.swift */; };
		OBJ_93 /* Constrainable.swift in Sources */ = {isa = PBXBuildFile; fileRef = OBJ_14 /* Constrainable.swift */; };
		OBJ_94 /* EdgeConstraints.swift in Sources */ = {isa = PBXBuildFile; fileRef = OBJ_15 /* EdgeConstraints.swift */; };
		OBJ_95 /* MessageLayout.swift in Sources */ = {isa = PBXBuildFile; fileRef = OBJ_16 /* MessageLayout.swift */; };
		OBJ_96 /* SizeConstraints.swift in Sources */ = {isa = PBXBuildFile; fileRef = OBJ_17 /* SizeConstraints.swift */; };
		OBJ_97 /* CALayer+Animation.swift in Sources */ = {isa = PBXBuildFile; fileRef = OBJ_19 /* CALayer+Animation.swift */; };
		OBJ_98 /* CGRect+Extensions.swift in Sources */ = {isa = PBXBuildFile; fileRef = OBJ_20 /* CGRect+Extensions.swift */; };
		OBJ_99 /* DispatchQueue+Extensions.swift in Sources */ = {isa = PBXBuildFile; fileRef = OBJ_21 /* DispatchQueue+Extensions.swift */; };
/* End PBXBuildFile section */

/* Begin PBXContainerItemProxy section */
		B8BB077424C491D7000E2E87 /* PBXContainerItemProxy */ = {
			isa = PBXContainerItemProxy;
			containerPortal = OBJ_1 /* Project object */;
			proxyType = 1;
			remoteGlobalIDString = "MessageStackView::MessageStackView";
			remoteInfo = MessageStackView;
		};
		B8BB077524C491D9000E2E87 /* PBXContainerItemProxy */ = {
			isa = PBXContainerItemProxy;
			containerPortal = OBJ_1 /* Project object */;
			proxyType = 1;
			remoteGlobalIDString = "MessageStackView::MessageStackViewTests";
			remoteInfo = MessageStackViewTests;
		};
		B8BB089024C4BCC2000E2E87 /* PBXContainerItemProxy */ = {
			isa = PBXContainerItemProxy;
			containerPortal = OBJ_1 /* Project object */;
			proxyType = 1;
			remoteGlobalIDString = "MessageStackView::MessageStackView";
			remoteInfo = MessageStackView;
		};
/* End PBXContainerItemProxy section */

/* Begin PBXCopyFilesBuildPhase section */
		B8BB089224C4BCC2000E2E87 /* Embed Frameworks */ = {
			isa = PBXCopyFilesBuildPhase;
			buildActionMask = 2147483647;
			dstPath = "";
			dstSubfolderSpec = 10;
			files = (
				B8BB088F24C4BCC2000E2E87 /* MessageStackView.framework in Embed Frameworks */,
			);
			name = "Embed Frameworks";
			runOnlyForDeploymentPostprocessing = 0;
		};
/* End PBXCopyFilesBuildPhase section */

/* Begin PBXFileReference section */
		B80B92AA2527324400F97364 /* Vector3.swift */ = {isa = PBXFileReference; lastKnownFileType = sourcecode.swift; path = Vector3.swift; sourceTree = "<group>"; };
		B81727EF24D6CC9F0062282B /* PostViewController.swift */ = {isa = PBXFileReference; lastKnownFileType = sourcecode.swift; path = PostViewController.swift; sourceTree = "<group>"; };
		B81AEE4924FFED230068CE23 /* Corner.swift */ = {isa = PBXFileReference; lastKnownFileType = sourcecode.swift; path = Corner.swift; sourceTree = "<group>"; };
		B81AEE4B24FFEE520068CE23 /* FloatingPoint+Equals.swift */ = {isa = PBXFileReference; lastKnownFileType = sourcecode.swift; path = "FloatingPoint+Equals.swift"; sourceTree = "<group>"; };
		B81AEE4D24FFF2650068CE23 /* ShadowView.swift */ = {isa = PBXFileReference; lastKnownFileType = sourcecode.swift; path = ShadowView.swift; sourceTree = "<group>"; };
		B81AEE4F24FFF27A0068CE23 /* ShadowLayer.swift */ = {isa = PBXFileReference; lastKnownFileType = sourcecode.swift; path = ShadowLayer.swift; sourceTree = "<group>"; };
		B81AEE5124FFFB2E0068CE23 /* ParentShadowLayer.swift */ = {isa = PBXFileReference; lastKnownFileType = sourcecode.swift; path = ParentShadowLayer.swift; sourceTree = "<group>"; };
		B81AEE5325003F270068CE23 /* ShadowViewController.swift */ = {isa = PBXFileReference; lastKnownFileType = sourcecode.swift; path = ShadowViewController.swift; sourceTree = "<group>"; };
		B82405662668F6A200E4178B /* EdgeLayoutGuide.swift */ = {isa = PBXFileReference; lastKnownFileType = sourcecode.swift; path = EdgeLayoutGuide.swift; sourceTree = "<group>"; };
		B83CACB02667D5CE008FB755 /* Order.swift */ = {isa = PBXFileReference; lastKnownFileType = sourcecode.swift; path = Order.swift; sourceTree = "<group>"; };
		B83CACB22667D97E008FB755 /* Toast.swift */ = {isa = PBXFileReference; lastKnownFileType = sourcecode.swift; path = Toast.swift; sourceTree = "<group>"; };
		B83CACB42667DA8A008FB755 /* ToastViewController.swift */ = {isa = PBXFileReference; lastKnownFileType = sourcecode.swift; path = ToastViewController.swift; sourceTree = "<group>"; };
		B872BE8625A3874C0031D619 /* UIImageView+Hidden.swift */ = {isa = PBXFileReference; lastKnownFileType = sourcecode.swift; path = "UIImageView+Hidden.swift"; sourceTree = "<group>"; };
		B872BE9025A387570031D619 /* UILabel+Hidden.swift */ = {isa = PBXFileReference; lastKnownFileType = sourcecode.swift; path = "UILabel+Hidden.swift"; sourceTree = "<group>"; };
		B875C98825126EB200FA05B5 /* UIViewController+System.swift */ = {isa = PBXFileReference; lastKnownFileType = sourcecode.swift; path = "UIViewController+System.swift"; sourceTree = "<group>"; };
		B875C98E251270A200FA05B5 /* SystemViewControllerTests.swift */ = {isa = PBXFileReference; lastKnownFileType = sourcecode.swift; path = SystemViewControllerTests.swift; sourceTree = "<group>"; };
		B87CC94B24C9F5A3002B697C /* Array+Extensions.swift */ = {isa = PBXFileReference; lastKnownFileType = sourcecode.swift; path = "Array+Extensions.swift"; sourceTree = "<group>"; };
		B87CC94F24CAE56E002B697C /* Reachability.h */ = {isa = PBXFileReference; fileEncoding = 4; lastKnownFileType = sourcecode.c.h; path = Reachability.h; sourceTree = "<group>"; };
		B87CC95024CAE56E002B697C /* Reachability.m */ = {isa = PBXFileReference; fileEncoding = 4; lastKnownFileType = sourcecode.c.objc; path = Reachability.m; sourceTree = "<group>"; };
		B87CC95224CAE5A5002B697C /* ConnectivityManager.swift */ = {isa = PBXFileReference; lastKnownFileType = sourcecode.swift; path = ConnectivityManager.swift; sourceTree = "<group>"; };
		B87CC98824CAF6D6002B697C /* ConnectivityManager+Notification.swift */ = {isa = PBXFileReference; lastKnownFileType = sourcecode.swift; path = "ConnectivityManager+Notification.swift"; sourceTree = "<group>"; };
		B87CC98A24CB02F8002B697C /* ConnectivityViewController.swift */ = {isa = PBXFileReference; lastKnownFileType = sourcecode.swift; path = ConnectivityViewController.swift; sourceTree = "<group>"; };
		B87CC98E24CB21E1002B697C /* Assets.xcassets */ = {isa = PBXFileReference; lastKnownFileType = folder.assetcatalog; path = Assets.xcassets; sourceTree = "<group>"; };
		B87CC99224CB48DD002B697C /* ConnectivityMessageable.swift */ = {isa = PBXFileReference; lastKnownFileType = sourcecode.swift; path = ConnectivityMessageable.swift; sourceTree = "<group>"; };
		B87CC99424CB4A0D002B697C /* MessageView+NoInternet.swift */ = {isa = PBXFileReference; lastKnownFileType = sourcecode.swift; path = "MessageView+NoInternet.swift"; sourceTree = "<group>"; };
		B87CC99C24CC263E002B697C /* NoInternetTabBarController.swift */ = {isa = PBXFileReference; lastKnownFileType = sourcecode.swift; path = NoInternetTabBarController.swift; sourceTree = "<group>"; };
		B87CC99F24CC2829002B697C /* UIButton+Extensions.swift */ = {isa = PBXFileReference; lastKnownFileType = sourcecode.swift; path = "UIButton+Extensions.swift"; sourceTree = "<group>"; };
		B8BB086D24C4BC23000E2E87 /* Example.app */ = {isa = PBXFileReference; explicitFileType = wrapper.application; includeInIndex = 0; path = Example.app; sourceTree = BUILT_PRODUCTS_DIR; };
		B8BB087024C4BC46000E2E87 /* Assets.xcassets */ = {isa = PBXFileReference; lastKnownFileType = folder.assetcatalog; path = Assets.xcassets; sourceTree = "<group>"; };
		B8BB087224C4BC46000E2E87 /* Base */ = {isa = PBXFileReference; lastKnownFileType = file.storyboard; name = Base; path = Base.lproj/LaunchScreen.storyboard; sourceTree = "<group>"; };
		B8BB087424C4BC46000E2E87 /* RootTableViewController.swift */ = {isa = PBXFileReference; fileEncoding = 4; lastKnownFileType = sourcecode.swift; path = RootTableViewController.swift; sourceTree = "<group>"; };
		B8BB087624C4BC46000E2E87 /* WindowViewController.swift */ = {isa = PBXFileReference; fileEncoding = 4; lastKnownFileType = sourcecode.swift; path = WindowViewController.swift; sourceTree = "<group>"; };
		B8BB087824C4BC46000E2E87 /* BadgeMessageViewController.swift */ = {isa = PBXFileReference; fileEncoding = 4; lastKnownFileType = sourcecode.swift; path = BadgeMessageViewController.swift; sourceTree = "<group>"; };
		B8BB087924C4BC46000E2E87 /* MessageViewController.swift */ = {isa = PBXFileReference; fileEncoding = 4; lastKnownFileType = sourcecode.swift; path = MessageViewController.swift; sourceTree = "<group>"; };
		B8BB087B24C4BC46000E2E87 /* UIImage+Images.swift */ = {isa = PBXFileReference; fileEncoding = 4; lastKnownFileType = sourcecode.swift; path = "UIImage+Images.swift"; sourceTree = "<group>"; };
		B8BB087C24C4BC46000E2E87 /* UIColor+Colors.swift */ = {isa = PBXFileReference; fileEncoding = 4; lastKnownFileType = sourcecode.swift; path = "UIColor+Colors.swift"; sourceTree = "<group>"; };
		B8BB087D24C4BC46000E2E87 /* AppDelegate.swift */ = {isa = PBXFileReference; fileEncoding = 4; lastKnownFileType = sourcecode.swift; path = AppDelegate.swift; sourceTree = "<group>"; };
		B8BB087E24C4BC46000E2E87 /* Info.plist */ = {isa = PBXFileReference; fileEncoding = 4; lastKnownFileType = text.plist.xml; path = Info.plist; sourceTree = "<group>"; };
		B8BB087F24C4BC46000E2E87 /* SceneDelegate.swift */ = {isa = PBXFileReference; fileEncoding = 4; lastKnownFileType = sourcecode.swift; path = SceneDelegate.swift; sourceTree = "<group>"; };
		B8BCDA8224CD8E920067F26C /* ConnectivityManager+MessageManager.swift */ = {isa = PBXFileReference; lastKnownFileType = sourcecode.swift; path = "ConnectivityManager+MessageManager.swift"; sourceTree = "<group>"; };
		B8BCDA8424CD8EB10067F26C /* UIApplication+KeyWindow.swift */ = {isa = PBXFileReference; lastKnownFileType = sourcecode.swift; path = "UIApplication+KeyWindow.swift"; sourceTree = "<group>"; };
		B8BCDA8924CDB55B0067F26C /* UIViewController+Lifecycle.h */ = {isa = PBXFileReference; lastKnownFileType = sourcecode.c.h; path = "UIViewController+Lifecycle.h"; sourceTree = "<group>"; };
		B8BCDA8A24CDB55B0067F26C /* UIViewController+Lifecycle.m */ = {isa = PBXFileReference; lastKnownFileType = sourcecode.c.objc; path = "UIViewController+Lifecycle.m"; sourceTree = "<group>"; };
		B8BCDA8D24CDB8580067F26C /* SwizzledMethod.h */ = {isa = PBXFileReference; lastKnownFileType = sourcecode.c.h; path = SwizzledMethod.h; sourceTree = "<group>"; };
		B8BCDA8E24CDB8580067F26C /* SwizzledMethod.m */ = {isa = PBXFileReference; lastKnownFileType = sourcecode.c.objc; path = SwizzledMethod.m; sourceTree = "<group>"; };
		B8E1CEE82500DA37002BFE77 /* UIColor+Hex.swift */ = {isa = PBXFileReference; lastKnownFileType = sourcecode.swift; path = "UIColor+Hex.swift"; sourceTree = "<group>"; };
		B8E1CEEA2500DEA0002BFE77 /* UIView+ShadowLayer.swift */ = {isa = PBXFileReference; lastKnownFileType = sourcecode.swift; path = "UIView+ShadowLayer.swift"; sourceTree = "<group>"; };
		B8E1CEEE2500F88C002BFE77 /* NeuomorphicShadow.swift */ = {isa = PBXFileReference; lastKnownFileType = sourcecode.swift; path = NeuomorphicShadow.swift; sourceTree = "<group>"; };
		B8E1CEF0250117A2002BFE77 /* CALayer+SketchShadow.swift */ = {isa = PBXFileReference; lastKnownFileType = sourcecode.swift; path = "CALayer+SketchShadow.swift"; sourceTree = "<group>"; };
		B8F1C76224D8198E007C2712 /* ApplicationPostView.swift */ = {isa = PBXFileReference; lastKnownFileType = sourcecode.swift; path = ApplicationPostView.swift; sourceTree = "<group>"; };
		"MessageStackView::MessageStackView::Product" /* MessageStackView.framework */ = {isa = PBXFileReference; explicitFileType = wrapper.framework; path = MessageStackView.framework; sourceTree = BUILT_PRODUCTS_DIR; };
		"MessageStackView::MessageStackViewTests::Product" /* MessageStackViewTests.xctest */ = {isa = PBXFileReference; explicitFileType = wrapper.cfbundle; path = MessageStackViewTests.xctest; sourceTree = BUILT_PRODUCTS_DIR; };
		OBJ_11 /* TimeInterval+Defaults.swift */ = {isa = PBXFileReference; lastKnownFileType = sourcecode.swift; path = "TimeInterval+Defaults.swift"; sourceTree = "<group>"; };
		OBJ_13 /* CenterConstraints.swift */ = {isa = PBXFileReference; lastKnownFileType = sourcecode.swift; path = CenterConstraints.swift; sourceTree = "<group>"; };
		OBJ_14 /* Constrainable.swift */ = {isa = PBXFileReference; lastKnownFileType = sourcecode.swift; path = Constrainable.swift; sourceTree = "<group>"; };
		OBJ_15 /* EdgeConstraints.swift */ = {isa = PBXFileReference; lastKnownFileType = sourcecode.swift; path = EdgeConstraints.swift; sourceTree = "<group>"; };
		OBJ_16 /* MessageLayout.swift */ = {isa = PBXFileReference; lastKnownFileType = sourcecode.swift; path = MessageLayout.swift; sourceTree = "<group>"; };
		OBJ_17 /* SizeConstraints.swift */ = {isa = PBXFileReference; lastKnownFileType = sourcecode.swift; path = SizeConstraints.swift; sourceTree = "<group>"; };
		OBJ_19 /* CALayer+Animation.swift */ = {isa = PBXFileReference; lastKnownFileType = sourcecode.swift; path = "CALayer+Animation.swift"; sourceTree = "<group>"; };
		OBJ_20 /* CGRect+Extensions.swift */ = {isa = PBXFileReference; lastKnownFileType = sourcecode.swift; path = "CGRect+Extensions.swift"; sourceTree = "<group>"; };
		OBJ_21 /* DispatchQueue+Extensions.swift */ = {isa = PBXFileReference; lastKnownFileType = sourcecode.swift; path = "DispatchQueue+Extensions.swift"; sourceTree = "<group>"; };
		OBJ_22 /* String+Extensions.swift */ = {isa = PBXFileReference; lastKnownFileType = sourcecode.swift; path = "String+Extensions.swift"; sourceTree = "<group>"; };
		OBJ_23 /* UIApplication+StatusBar.swift */ = {isa = PBXFileReference; lastKnownFileType = sourcecode.swift; path = "UIApplication+StatusBar.swift"; sourceTree = "<group>"; };
		OBJ_24 /* UIEdgeInsets+Extensions.swift */ = {isa = PBXFileReference; lastKnownFileType = sourcecode.swift; path = "UIEdgeInsets+Extensions.swift"; sourceTree = "<group>"; };
		OBJ_25 /* UIView+Animation.swift */ = {isa = PBXFileReference; lastKnownFileType = sourcecode.swift; path = "UIView+Animation.swift"; sourceTree = "<group>"; };
		OBJ_26 /* UIView+Extensions.swift */ = {isa = PBXFileReference; lastKnownFileType = sourcecode.swift; path = "UIView+Extensions.swift"; sourceTree = "<group>"; };
		OBJ_28 /* UIView+SafeArea.swift */ = {isa = PBXFileReference; lastKnownFileType = sourcecode.swift; path = "UIView+SafeArea.swift"; sourceTree = "<group>"; };
		OBJ_29 /* UIView+Shadow.swift */ = {isa = PBXFileReference; lastKnownFileType = sourcecode.swift; path = "UIView+Shadow.swift"; sourceTree = "<group>"; };
		OBJ_30 /* UIView+ShadowComponents.swift */ = {isa = PBXFileReference; lastKnownFileType = sourcecode.swift; path = "UIView+ShadowComponents.swift"; sourceTree = "<group>"; };
		OBJ_32 /* Function.swift */ = {isa = PBXFileReference; lastKnownFileType = sourcecode.swift; path = Function.swift; sourceTree = "<group>"; };
		OBJ_33 /* GrowFunction.swift */ = {isa = PBXFileReference; lastKnownFileType = sourcecode.swift; path = GrowFunction.swift; sourceTree = "<group>"; };
		OBJ_34 /* ScaleFunction.swift */ = {isa = PBXFileReference; lastKnownFileType = sourcecode.swift; path = ScaleFunction.swift; sourceTree = "<group>"; };
		OBJ_35 /* ShakeFunction.swift */ = {isa = PBXFileReference; lastKnownFileType = sourcecode.swift; path = ShakeFunction.swift; sourceTree = "<group>"; };
		OBJ_38 /* BadgeMessage.swift */ = {isa = PBXFileReference; lastKnownFileType = sourcecode.swift; path = BadgeMessage.swift; sourceTree = "<group>"; };
		OBJ_39 /* BadgeMessageView+BadgeMessage.swift */ = {isa = PBXFileReference; lastKnownFileType = sourcecode.swift; path = "BadgeMessageView+BadgeMessage.swift"; sourceTree = "<group>"; };
		OBJ_40 /* BadgeMessageView.swift */ = {isa = PBXFileReference; lastKnownFileType = sourcecode.swift; path = BadgeMessageView.swift; sourceTree = "<group>"; };
		OBJ_41 /* BadgeMessageViewable.swift */ = {isa = PBXFileReference; lastKnownFileType = sourcecode.swift; path = BadgeMessageViewable.swift; sourceTree = "<group>"; };
		OBJ_42 /* Poster+BadgeMessage.swift */ = {isa = PBXFileReference; lastKnownFileType = sourcecode.swift; path = "Poster+BadgeMessage.swift"; sourceTree = "<group>"; };
		OBJ_44 /* Message.swift */ = {isa = PBXFileReference; lastKnownFileType = sourcecode.swift; path = Message.swift; sourceTree = "<group>"; };
		OBJ_45 /* MessageView+Message.swift */ = {isa = PBXFileReference; lastKnownFileType = sourcecode.swift; path = "MessageView+Message.swift"; sourceTree = "<group>"; };
		OBJ_46 /* MessageView.swift */ = {isa = PBXFileReference; lastKnownFileType = sourcecode.swift; path = MessageView.swift; sourceTree = "<group>"; };
		OBJ_47 /* MessageViewable.swift */ = {isa = PBXFileReference; lastKnownFileType = sourcecode.swift; path = MessageViewable.swift; sourceTree = "<group>"; };
		OBJ_48 /* Poster+Message.swift */ = {isa = PBXFileReference; lastKnownFileType = sourcecode.swift; path = "Poster+Message.swift"; sourceTree = "<group>"; };
		OBJ_50 /* MessageView+MessageConfigurable.swift */ = {isa = PBXFileReference; lastKnownFileType = sourcecode.swift; path = "MessageView+MessageConfigurable.swift"; sourceTree = "<group>"; };
		OBJ_51 /* MessageConfigurable.swift */ = {isa = PBXFileReference; lastKnownFileType = sourcecode.swift; path = MessageConfigurable.swift; sourceTree = "<group>"; };
		OBJ_52 /* MessageConfiguration.swift */ = {isa = PBXFileReference; lastKnownFileType = sourcecode.swift; path = MessageConfiguration.swift; sourceTree = "<group>"; };
		OBJ_54 /* PostAnimation.swift */ = {isa = PBXFileReference; lastKnownFileType = sourcecode.swift; path = PostAnimation.swift; sourceTree = "<group>"; };
		OBJ_55 /* Queue.swift */ = {isa = PBXFileReference; lastKnownFileType = sourcecode.swift; path = Queue.swift; sourceTree = "<group>"; };
		OBJ_57 /* PostGestureManager.swift */ = {isa = PBXFileReference; lastKnownFileType = sourcecode.swift; path = PostGestureManager.swift; sourceTree = "<group>"; };
		OBJ_58 /* PostManager.swift */ = {isa = PBXFileReference; lastKnownFileType = sourcecode.swift; path = PostManager.swift; sourceTree = "<group>"; };
		OBJ_59 /* PostManagerDelegate.swift */ = {isa = PBXFileReference; lastKnownFileType = sourcecode.swift; path = PostManagerDelegate.swift; sourceTree = "<group>"; };
		OBJ_6 /* Package.swift */ = {isa = PBXFileReference; explicitFileType = sourcecode.swift; path = Package.swift; sourceTree = "<group>"; };
		OBJ_60 /* PostRequest.swift */ = {isa = PBXFileReference; lastKnownFileType = sourcecode.swift; path = PostRequest.swift; sourceTree = "<group>"; };
		OBJ_61 /* Poster.swift */ = {isa = PBXFileReference; lastKnownFileType = sourcecode.swift; path = Poster.swift; sourceTree = "<group>"; };
		OBJ_62 /* UIView+Poster.swift */ = {isa = PBXFileReference; lastKnownFileType = sourcecode.swift; path = "UIView+Poster.swift"; sourceTree = "<group>"; };
		OBJ_63 /* UIViewPoster.swift */ = {isa = PBXFileReference; lastKnownFileType = sourcecode.swift; path = UIViewPoster.swift; sourceTree = "<group>"; };
		OBJ_65 /* UIColor+Colors.swift */ = {isa = PBXFileReference; lastKnownFileType = sourcecode.swift; path = "UIColor+Colors.swift"; sourceTree = "<group>"; };
		OBJ_66 /* UIImage+Images.swift */ = {isa = PBXFileReference; lastKnownFileType = sourcecode.swift; path = "UIImage+Images.swift"; sourceTree = "<group>"; };
		OBJ_67 /* UILabel+Default.swift */ = {isa = PBXFileReference; lastKnownFileType = sourcecode.swift; path = "UILabel+Default.swift"; sourceTree = "<group>"; };
		OBJ_70 /* BadgeContainerView.swift */ = {isa = PBXFileReference; lastKnownFileType = sourcecode.swift; path = BadgeContainerView.swift; sourceTree = "<group>"; };
		OBJ_71 /* BadgeView.swift */ = {isa = PBXFileReference; lastKnownFileType = sourcecode.swift; path = BadgeView.swift; sourceTree = "<group>"; };
		OBJ_72 /* ShakeView.swift */ = {isa = PBXFileReference; lastKnownFileType = sourcecode.swift; path = ShakeView.swift; sourceTree = "<group>"; };
		OBJ_74 /* MessageStackView.swift */ = {isa = PBXFileReference; lastKnownFileType = sourcecode.swift; path = MessageStackView.swift; sourceTree = "<group>"; };
		OBJ_75 /* PostView.swift */ = {isa = PBXFileReference; lastKnownFileType = sourcecode.swift; path = PostView.swift; sourceTree = "<group>"; };
		OBJ_78 /* ArrayExtensionTests.swift */ = {isa = PBXFileReference; lastKnownFileType = sourcecode.swift; path = ArrayExtensionTests.swift; sourceTree = "<group>"; };
		OBJ_79 /* XCTestManifests.swift */ = {isa = PBXFileReference; lastKnownFileType = sourcecode.swift; path = XCTestManifests.swift; sourceTree = "<group>"; };
		OBJ_8 /* MessageStackView.h */ = {isa = PBXFileReference; lastKnownFileType = sourcecode.c.h; path = MessageStackView.h; sourceTree = "<group>"; };
		OBJ_84 /* Documentation */ = {isa = PBXFileReference; lastKnownFileType = folder; path = Documentation; sourceTree = SOURCE_ROOT; };
		OBJ_85 /* README.md */ = {isa = PBXFileReference; lastKnownFileType = net.daringfireball.markdown; path = README.md; sourceTree = "<group>"; };
		OBJ_9 /* Info.plist */ = {isa = PBXFileReference; lastKnownFileType = text.plist.xml; path = Info.plist; sourceTree = "<group>"; };
/* End PBXFileReference section */

/* Begin PBXFrameworksBuildPhase section */
		B8BB086524C4BC23000E2E87 /* Frameworks */ = {
			isa = PBXFrameworksBuildPhase;
			buildActionMask = 2147483647;
			files = (
				B8BB088E24C4BCC2000E2E87 /* MessageStackView.framework in Frameworks */,
			);
			runOnlyForDeploymentPostprocessing = 0;
		};
		OBJ_143 /* Frameworks */ = {
			isa = PBXFrameworksBuildPhase;
			buildActionMask = 0;
			files = (
			);
			runOnlyForDeploymentPostprocessing = 0;
		};
		OBJ_162 /* Frameworks */ = {
			isa = PBXFrameworksBuildPhase;
			buildActionMask = 0;
			files = (
				OBJ_163 /* MessageStackView.framework in Frameworks */,
			);
			runOnlyForDeploymentPostprocessing = 0;
		};
/* End PBXFrameworksBuildPhase section */

/* Begin PBXGroup section */
		B81AEE4824FFEBF60068CE23 /* Shadow */ = {
			isa = PBXGroup;
			children = (
				B81AEE4924FFED230068CE23 /* Corner.swift */,
				B8E1CEEE2500F88C002BFE77 /* NeuomorphicShadow.swift */,
				B81AEE4F24FFF27A0068CE23 /* ShadowLayer.swift */,
				B81AEE5124FFFB2E0068CE23 /* ParentShadowLayer.swift */,
				B81AEE4D24FFF2650068CE23 /* ShadowView.swift */,
				B8E1CEEA2500DEA0002BFE77 /* UIView+ShadowLayer.swift */,
				B8E1CEF0250117A2002BFE77 /* CALayer+SketchShadow.swift */,
			);
			path = Shadow;
			sourceTree = "<group>";
		};
		B82405682668F8EB00E4178B /* UIView */ = {
			isa = PBXGroup;
			children = (
				OBJ_25 /* UIView+Animation.swift */,
				OBJ_26 /* UIView+Extensions.swift */,
				OBJ_28 /* UIView+SafeArea.swift */,
				OBJ_29 /* UIView+Shadow.swift */,
				OBJ_30 /* UIView+ShadowComponents.swift */,
			);
			path = UIView;
			sourceTree = "<group>";
		};
		B872BE8525A3873F0031D619 /* Hidden */ = {
			isa = PBXGroup;
			children = (
				B872BE8625A3874C0031D619 /* UIImageView+Hidden.swift */,
				B872BE9025A387570031D619 /* UILabel+Hidden.swift */,
			);
			path = Hidden;
			sourceTree = "<group>";
		};
		B87CC94E24CAE52A002B697C /* Reachability */ = {
			isa = PBXGroup;
			children = (
				B87CC94F24CAE56E002B697C /* Reachability.h */,
				B87CC95024CAE56E002B697C /* Reachability.m */,
				B87CC95224CAE5A5002B697C /* ConnectivityManager.swift */,
				B87CC98824CAF6D6002B697C /* ConnectivityManager+Notification.swift */,
				B8BCDA8224CD8E920067F26C /* ConnectivityManager+MessageManager.swift */,
				B87CC99224CB48DD002B697C /* ConnectivityMessageable.swift */,
				B87CC98A24CB02F8002B697C /* ConnectivityViewController.swift */,
				B87CC99424CB4A0D002B697C /* MessageView+NoInternet.swift */,
			);
			path = Reachability;
			sourceTree = "<group>";
		};
		B87CC99E24CC2818002B697C /* Extensions */ = {
			isa = PBXGroup;
			children = (
				B87CC99F24CC2829002B697C /* UIButton+Extensions.swift */,
			);
			path = Extensions;
			sourceTree = "<group>";
		};
		B8BB086F24C4BC46000E2E87 /* Example */ = {
			isa = PBXGroup;
			children = (
				B8BB087024C4BC46000E2E87 /* Assets.xcassets */,
				B8BB087124C4BC46000E2E87 /* LaunchScreen.storyboard */,
				B8BB087324C4BC46000E2E87 /* ViewControllers */,
				B87CC99E24CC2818002B697C /* Extensions */,
				B8BB087A24C4BC46000E2E87 /* Theme */,
				B8BB087D24C4BC46000E2E87 /* AppDelegate.swift */,
				B8BB087E24C4BC46000E2E87 /* Info.plist */,
				B8BB087F24C4BC46000E2E87 /* SceneDelegate.swift */,
			);
			path = Example;
			sourceTree = "<group>";
		};
		B8BB087324C4BC46000E2E87 /* ViewControllers */ = {
			isa = PBXGroup;
			children = (
				B8BB087424C4BC46000E2E87 /* RootTableViewController.swift */,
				B8BB087624C4BC46000E2E87 /* WindowViewController.swift */,
				B8BB087824C4BC46000E2E87 /* BadgeMessageViewController.swift */,
				B8BB087924C4BC46000E2E87 /* MessageViewController.swift */,
				B87CC99C24CC263E002B697C /* NoInternetTabBarController.swift */,
				B81AEE5325003F270068CE23 /* ShadowViewController.swift */,
				B83CACB42667DA8A008FB755 /* ToastViewController.swift */,
			);
			path = ViewControllers;
			sourceTree = "<group>";
		};
		B8BB087A24C4BC46000E2E87 /* Theme */ = {
			isa = PBXGroup;
			children = (
				B8BB087B24C4BC46000E2E87 /* UIImage+Images.swift */,
				B8BB087C24C4BC46000E2E87 /* UIColor+Colors.swift */,
			);
			path = Theme;
			sourceTree = "<group>";
		};
		B8BB088D24C4BCC2000E2E87 /* Frameworks */ = {
			isa = PBXGroup;
			children = (
			);
			name = Frameworks;
			sourceTree = "<group>";
		};
		B8BCDA8824CDB06E0067F26C /* Swizzling */ = {
			isa = PBXGroup;
			children = (
				B8BCDA8924CDB55B0067F26C /* UIViewController+Lifecycle.h */,
				B8BCDA8A24CDB55B0067F26C /* UIViewController+Lifecycle.m */,
				B8BCDA8D24CDB8580067F26C /* SwizzledMethod.h */,
				B8BCDA8E24CDB8580067F26C /* SwizzledMethod.m */,
			);
			path = Swizzling;
			sourceTree = "<group>";
		};
		OBJ_10 /* Constants */ = {
			isa = PBXGroup;
			children = (
				OBJ_11 /* TimeInterval+Defaults.swift */,
			);
			path = Constants;
			sourceTree = "<group>";
		};
		OBJ_12 /* Constraints */ = {
			isa = PBXGroup;
			children = (
				OBJ_13 /* CenterConstraints.swift */,
				OBJ_14 /* Constrainable.swift */,
				OBJ_15 /* EdgeConstraints.swift */,
				B82405662668F6A200E4178B /* EdgeLayoutGuide.swift */,
				OBJ_16 /* MessageLayout.swift */,
				OBJ_17 /* SizeConstraints.swift */,
			);
			path = Constraints;
			sourceTree = "<group>";
		};
		OBJ_18 /* Extensions */ = {
			isa = PBXGroup;
			children = (
				B82405682668F8EB00E4178B /* UIView */,
				B872BE8525A3873F0031D619 /* Hidden */,
				OBJ_19 /* CALayer+Animation.swift */,
				OBJ_20 /* CGRect+Extensions.swift */,
				OBJ_21 /* DispatchQueue+Extensions.swift */,
				OBJ_22 /* String+Extensions.swift */,
				OBJ_23 /* UIApplication+StatusBar.swift */,
				OBJ_24 /* UIEdgeInsets+Extensions.swift */,
				B87CC94B24C9F5A3002B697C /* Array+Extensions.swift */,
				B8BCDA8424CD8EB10067F26C /* UIApplication+KeyWindow.swift */,
				B81AEE4B24FFEE520068CE23 /* FloatingPoint+Equals.swift */,
				B8E1CEE82500DA37002BFE77 /* UIColor+Hex.swift */,
				B875C98825126EB200FA05B5 /* UIViewController+System.swift */,
			);
			path = Extensions;
			sourceTree = "<group>";
		};
		OBJ_31 /* Function */ = {
			isa = PBXGroup;
			children = (
				OBJ_32 /* Function.swift */,
				OBJ_33 /* GrowFunction.swift */,
				OBJ_34 /* ScaleFunction.swift */,
				OBJ_35 /* ShakeFunction.swift */,
			);
			path = Function;
			sourceTree = "<group>";
		};
		OBJ_36 /* Messages */ = {
			isa = PBXGroup;
			children = (
				OBJ_37 /* BadgeMessage */,
				OBJ_43 /* Message */,
				OBJ_49 /* MessageConfiguration */,
			);
			path = Messages;
			sourceTree = "<group>";
		};
		OBJ_37 /* BadgeMessage */ = {
			isa = PBXGroup;
			children = (
				OBJ_38 /* BadgeMessage.swift */,
				OBJ_39 /* BadgeMessageView+BadgeMessage.swift */,
				OBJ_40 /* BadgeMessageView.swift */,
				OBJ_41 /* BadgeMessageViewable.swift */,
				OBJ_42 /* Poster+BadgeMessage.swift */,
			);
			path = BadgeMessage;
			sourceTree = "<group>";
		};
		OBJ_43 /* Message */ = {
			isa = PBXGroup;
			children = (
				OBJ_44 /* Message.swift */,
				OBJ_45 /* MessageView+Message.swift */,
				OBJ_46 /* MessageView.swift */,
				OBJ_47 /* MessageViewable.swift */,
				OBJ_48 /* Poster+Message.swift */,
			);
			path = Message;
			sourceTree = "<group>";
		};
		OBJ_49 /* MessageConfiguration */ = {
			isa = PBXGroup;
			children = (
				OBJ_50 /* MessageView+MessageConfigurable.swift */,
				OBJ_51 /* MessageConfigurable.swift */,
				OBJ_52 /* MessageConfiguration.swift */,
			);
			path = MessageConfiguration;
			sourceTree = "<group>";
		};
		OBJ_5 = {
			isa = PBXGroup;
			children = (
				OBJ_6 /* Package.swift */,
				OBJ_7 /* Sources */,
				OBJ_76 /* Tests */,
				B8BB086F24C4BC46000E2E87 /* Example */,
				OBJ_80 /* Products */,
				OBJ_84 /* Documentation */,
				OBJ_85 /* README.md */,
				B8BB088D24C4BCC2000E2E87 /* Frameworks */,
			);
			sourceTree = "<group>";
		};
		OBJ_53 /* Models */ = {
			isa = PBXGroup;
			children = (
				OBJ_54 /* PostAnimation.swift */,
				OBJ_55 /* Queue.swift */,
				B80B92AA2527324400F97364 /* Vector3.swift */,
				B83CACB02667D5CE008FB755 /* Order.swift */,
			);
			path = Models;
			sourceTree = "<group>";
		};
		OBJ_56 /* PostManager */ = {
			isa = PBXGroup;
			children = (
				OBJ_57 /* PostGestureManager.swift */,
				OBJ_58 /* PostManager.swift */,
				OBJ_59 /* PostManagerDelegate.swift */,
				OBJ_60 /* PostRequest.swift */,
				OBJ_61 /* Poster.swift */,
				OBJ_62 /* UIView+Poster.swift */,
				OBJ_63 /* UIViewPoster.swift */,
			);
			path = PostManager;
			sourceTree = "<group>";
		};
		OBJ_64 /* Theme */ = {
			isa = PBXGroup;
			children = (
				OBJ_65 /* UIColor+Colors.swift */,
				OBJ_66 /* UIImage+Images.swift */,
				OBJ_67 /* UILabel+Default.swift */,
				B87CC98E24CB21E1002B697C /* Assets.xcassets */,
			);
			path = Theme;
			sourceTree = "<group>";
		};
		OBJ_68 /* Views */ = {
			isa = PBXGroup;
			children = (
				OBJ_69 /* Badges */,
				OBJ_73 /* PostView */,
				B81727EF24D6CC9F0062282B /* PostViewController.swift */,
			);
			path = Views;
			sourceTree = "<group>";
		};
		OBJ_69 /* Badges */ = {
			isa = PBXGroup;
			children = (
				OBJ_70 /* BadgeContainerView.swift */,
				OBJ_71 /* BadgeView.swift */,
				OBJ_72 /* ShakeView.swift */,
			);
			path = Badges;
			sourceTree = "<group>";
		};
		OBJ_7 /* Sources */ = {
			isa = PBXGroup;
			children = (
				OBJ_8 /* MessageStackView.h */,
				OBJ_9 /* Info.plist */,
				OBJ_10 /* Constants */,
				OBJ_12 /* Constraints */,
				OBJ_18 /* Extensions */,
				B87CC94E24CAE52A002B697C /* Reachability */,
				B8BCDA8824CDB06E0067F26C /* Swizzling */,
				OBJ_31 /* Function */,
				OBJ_36 /* Messages */,
				OBJ_53 /* Models */,
				OBJ_56 /* PostManager */,
				OBJ_64 /* Theme */,
				B81AEE4824FFEBF60068CE23 /* Shadow */,
				OBJ_68 /* Views */,
			);
			path = Sources;
			sourceTree = SOURCE_ROOT;
		};
		OBJ_73 /* PostView */ = {
			isa = PBXGroup;
			children = (
				OBJ_74 /* MessageStackView.swift */,
				OBJ_75 /* PostView.swift */,
				B8F1C76224D8198E007C2712 /* ApplicationPostView.swift */,
				B83CACB22667D97E008FB755 /* Toast.swift */,
			);
			path = PostView;
			sourceTree = "<group>";
		};
		OBJ_76 /* Tests */ = {
			isa = PBXGroup;
			children = (
				OBJ_77 /* MessageStackViewTests */,
			);
			name = Tests;
			sourceTree = SOURCE_ROOT;
		};
		OBJ_77 /* MessageStackViewTests */ = {
			isa = PBXGroup;
			children = (
				OBJ_78 /* ArrayExtensionTests.swift */,
				OBJ_79 /* XCTestManifests.swift */,
				B875C98E251270A200FA05B5 /* SystemViewControllerTests.swift */,
			);
			name = MessageStackViewTests;
			path = Tests/MessageStackViewTests;
			sourceTree = SOURCE_ROOT;
		};
		OBJ_80 /* Products */ = {
			isa = PBXGroup;
			children = (
				"MessageStackView::MessageStackViewTests::Product" /* MessageStackViewTests.xctest */,
				"MessageStackView::MessageStackView::Product" /* MessageStackView.framework */,
				B8BB086D24C4BC23000E2E87 /* Example.app */,
			);
			name = Products;
			sourceTree = BUILT_PRODUCTS_DIR;
		};
/* End PBXGroup section */

/* Begin PBXHeadersBuildPhase section */
		B87CC95624CAEAD9002B697C /* Headers */ = {
			isa = PBXHeadersBuildPhase;
			buildActionMask = 2147483647;
			files = (
				B87CC98724CAF4E7002B697C /* MessageStackView.h in Headers */,
				B8BCDA8B24CDB55B0067F26C /* UIViewController+Lifecycle.h in Headers */,
				B87CC95924CAED4C002B697C /* Reachability.h in Headers */,
				B8BCDA8F24CDB8580067F26C /* SwizzledMethod.h in Headers */,
			);
			runOnlyForDeploymentPostprocessing = 0;
		};
/* End PBXHeadersBuildPhase section */

/* Begin PBXNativeTarget section */
		B8BB086024C4BC23000E2E87 /* Example */ = {
			isa = PBXNativeTarget;
			buildConfigurationList = B8BB086A24C4BC23000E2E87 /* Build configuration list for PBXNativeTarget "Example" */;
			buildPhases = (
				B8BB086124C4BC23000E2E87 /* Sources */,
				B8BB086524C4BC23000E2E87 /* Frameworks */,
				B8BB086624C4BC23000E2E87 /* Resources */,
				B8BB089224C4BCC2000E2E87 /* Embed Frameworks */,
			);
			buildRules = (
			);
			dependencies = (
				B8BB089124C4BCC2000E2E87 /* PBXTargetDependency */,
			);
			name = Example;
			productName = SomeApp;
			productReference = B8BB086D24C4BC23000E2E87 /* Example.app */;
			productType = "com.apple.product-type.application";
		};
		"MessageStackView::MessageStackView" /* MessageStackView */ = {
			isa = PBXNativeTarget;
			buildConfigurationList = OBJ_87 /* Build configuration list for PBXNativeTarget "MessageStackView" */;
			buildPhases = (
				B872BE7C25A37F160031D619 /* Swift Lint */,
				B87CC95624CAEAD9002B697C /* Headers */,
				OBJ_90 /* Sources */,
				OBJ_143 /* Frameworks */,
				B87CC99024CB2351002B697C /* Resources */,
			);
			buildRules = (
			);
			dependencies = (
			);
			name = MessageStackView;
			productName = MessageStackView;
			productReference = "MessageStackView::MessageStackView::Product" /* MessageStackView.framework */;
			productType = "com.apple.product-type.framework";
		};
		"MessageStackView::MessageStackViewTests" /* MessageStackViewTests */ = {
			isa = PBXNativeTarget;
			buildConfigurationList = OBJ_156 /* Build configuration list for PBXNativeTarget "MessageStackViewTests" */;
			buildPhases = (
				OBJ_159 /* Sources */,
				OBJ_162 /* Frameworks */,
			);
			buildRules = (
			);
			dependencies = (
				OBJ_164 /* PBXTargetDependency */,
			);
			name = MessageStackViewTests;
			productName = MessageStackViewTests;
			productReference = "MessageStackView::MessageStackViewTests::Product" /* MessageStackViewTests.xctest */;
			productType = "com.apple.product-type.bundle.unit-test";
		};
		"MessageStackView::SwiftPMPackageDescription" /* MessageStackViewPackageDescription */ = {
			isa = PBXNativeTarget;
			buildConfigurationList = OBJ_145 /* Build configuration list for PBXNativeTarget "MessageStackViewPackageDescription" */;
			buildPhases = (
				OBJ_148 /* Sources */,
			);
			buildRules = (
			);
			dependencies = (
			);
			name = MessageStackViewPackageDescription;
			productName = MessageStackViewPackageDescription;
			productType = "com.apple.product-type.framework";
		};
/* End PBXNativeTarget section */

/* Begin PBXProject section */
		OBJ_1 /* Project object */ = {
			isa = PBXProject;
			attributes = {
				BuildIndependentTargetsInParallel = YES;
				LastSwiftMigration = 9999;
				LastSwiftUpdateCheck = 1160;
				LastUpgradeCheck = 1500;
				ORGANIZATIONNAME = "3 SIDED CUBE APP PRODUCTIONS LTD";
				TargetAttributes = {
					B8BB086024C4BC23000E2E87 = {
						DevelopmentTeam = 25H7BM6YWK;
						ProvisioningStyle = Automatic;
					};
					"MessageStackView::MessageStackView" = {
						LastSwiftMigration = 1160;
					};
				};
			};
			buildConfigurationList = OBJ_2 /* Build configuration list for PBXProject "MessageStackView" */;
			compatibilityVersion = "Xcode 3.2";
			developmentRegion = en;
			hasScannedForEncodings = 0;
			knownRegions = (
				en,
				Base,
			);
			mainGroup = OBJ_5;
			productRefGroup = OBJ_80 /* Products */;
			projectDirPath = "";
			projectRoot = "";
			targets = (
				"MessageStackView::MessageStackView" /* MessageStackView */,
				"MessageStackView::SwiftPMPackageDescription" /* MessageStackViewPackageDescription */,
				"MessageStackView::MessageStackViewPackageTests::ProductTarget" /* MessageStackViewPackageTests */,
				"MessageStackView::MessageStackViewTests" /* MessageStackViewTests */,
				B8BB086024C4BC23000E2E87 /* Example */,
			);
		};
/* End PBXProject section */

/* Begin PBXResourcesBuildPhase section */
		B87CC99024CB2351002B697C /* Resources */ = {
			isa = PBXResourcesBuildPhase;
			buildActionMask = 2147483647;
			files = (
				B87CC99124CB2370002B697C /* Assets.xcassets in Resources */,
			);
			runOnlyForDeploymentPostprocessing = 0;
		};
		B8BB086624C4BC23000E2E87 /* Resources */ = {
			isa = PBXResourcesBuildPhase;
			buildActionMask = 2147483647;
			files = (
				B8BB089324C4BD01000E2E87 /* Assets.xcassets in Resources */,
				B8BB089524C4BD09000E2E87 /* LaunchScreen.storyboard in Resources */,
			);
			runOnlyForDeploymentPostprocessing = 0;
		};
/* End PBXResourcesBuildPhase section */

/* Begin PBXShellScriptBuildPhase section */
		B872BE7C25A37F160031D619 /* Swift Lint */ = {
			isa = PBXShellScriptBuildPhase;
			alwaysOutOfDate = 1;
			buildActionMask = 12;
			files = (
			);
			inputFileListPaths = (
			);
			inputPaths = (
			);
			name = "Swift Lint";
			outputFileListPaths = (
			);
			outputPaths = (
			);
			runOnlyForDeploymentPostprocessing = 0;
			shellPath = /bin/sh;
			shellScript = "if which swiftlint >/dev/null; then\n  swiftlint\nelse\n  echo \"warning: SwiftLint not installed, download from https://github.com/realm/SwiftLint\"\nfi\n";
		};
/* End PBXShellScriptBuildPhase section */

/* Begin PBXSourcesBuildPhase section */
		B8BB086124C4BC23000E2E87 /* Sources */ = {
			isa = PBXSourcesBuildPhase;
			buildActionMask = 2147483647;
			files = (
				B87CC9A024CC2829002B697C /* UIButton+Extensions.swift in Sources */,
				B8BB088924C4BC46000E2E87 /* UIColor+Colors.swift in Sources */,
				B8BB088824C4BC46000E2E87 /* UIImage+Images.swift in Sources */,
				B81AEE5425003F270068CE23 /* ShadowViewController.swift in Sources */,
				B8BB088A24C4BC46000E2E87 /* AppDelegate.swift in Sources */,
				B8BB088624C4BC46000E2E87 /* BadgeMessageViewController.swift in Sources */,
				B8BB088C24C4BC46000E2E87 /* SceneDelegate.swift in Sources */,
				B8BB088424C4BC46000E2E87 /* WindowViewController.swift in Sources */,
				B8BB088724C4BC46000E2E87 /* MessageViewController.swift in Sources */,
				B8BB088224C4BC46000E2E87 /* RootTableViewController.swift in Sources */,
				B83CACB52667DA8A008FB755 /* ToastViewController.swift in Sources */,
				B87CC99D24CC263E002B697C /* NoInternetTabBarController.swift in Sources */,
			);
			runOnlyForDeploymentPostprocessing = 0;
		};
		OBJ_148 /* Sources */ = {
			isa = PBXSourcesBuildPhase;
			buildActionMask = 0;
			files = (
				OBJ_149 /* Package.swift in Sources */,
			);
			runOnlyForDeploymentPostprocessing = 0;
		};
		OBJ_159 /* Sources */ = {
			isa = PBXSourcesBuildPhase;
			buildActionMask = 0;
			files = (
				B875C98F251270A200FA05B5 /* SystemViewControllerTests.swift in Sources */,
				OBJ_160 /* ArrayExtensionTests.swift in Sources */,
				OBJ_161 /* XCTestManifests.swift in Sources */,
			);
			runOnlyForDeploymentPostprocessing = 0;
		};
		OBJ_90 /* Sources */ = {
			isa = PBXSourcesBuildPhase;
			buildActionMask = 0;
			files = (
				OBJ_91 /* TimeInterval+Defaults.swift in Sources */,
				B81AEE5224FFFB2E0068CE23 /* ParentShadowLayer.swift in Sources */,
				B872BE9125A387570031D619 /* UILabel+Hidden.swift in Sources */,
				OBJ_92 /* CenterConstraints.swift in Sources */,
				OBJ_93 /* Constrainable.swift in Sources */,
				OBJ_94 /* EdgeConstraints.swift in Sources */,
				OBJ_95 /* MessageLayout.swift in Sources */,
				B87CC99524CB4A0E002B697C /* MessageView+NoInternet.swift in Sources */,
				OBJ_96 /* SizeConstraints.swift in Sources */,
				OBJ_97 /* CALayer+Animation.swift in Sources */,
				B875C98925126EB200FA05B5 /* UIViewController+System.swift in Sources */,
				B872BE8725A3874C0031D619 /* UIImageView+Hidden.swift in Sources */,
				OBJ_98 /* CGRect+Extensions.swift in Sources */,
				OBJ_99 /* DispatchQueue+Extensions.swift in Sources */,
				OBJ_100 /* String+Extensions.swift in Sources */,
				OBJ_101 /* UIApplication+StatusBar.swift in Sources */,
				B83CACB32667D97E008FB755 /* Toast.swift in Sources */,
				OBJ_102 /* UIEdgeInsets+Extensions.swift in Sources */,
				OBJ_103 /* UIView+Animation.swift in Sources */,
				B8BCDA8C24CDB55B0067F26C /* UIViewController+Lifecycle.m in Sources */,
				B8BCDA8524CD8EB20067F26C /* UIApplication+KeyWindow.swift in Sources */,
				OBJ_104 /* UIView+Extensions.swift in Sources */,
				B8E1CEE92500DA37002BFE77 /* UIColor+Hex.swift in Sources */,
				OBJ_106 /* UIView+SafeArea.swift in Sources */,
				OBJ_107 /* UIView+Shadow.swift in Sources */,
				OBJ_108 /* UIView+ShadowComponents.swift in Sources */,
				OBJ_109 /* Function.swift in Sources */,
				OBJ_110 /* GrowFunction.swift in Sources */,
				OBJ_111 /* ScaleFunction.swift in Sources */,
				OBJ_112 /* ShakeFunction.swift in Sources */,
				B87CC99324CB48DD002B697C /* ConnectivityMessageable.swift in Sources */,
				OBJ_113 /* BadgeMessage.swift in Sources */,
				OBJ_114 /* BadgeMessageView+BadgeMessage.swift in Sources */,
				B8BCDA8324CD8E920067F26C /* ConnectivityManager+MessageManager.swift in Sources */,
				B8F1C76324D8198E007C2712 /* ApplicationPostView.swift in Sources */,
				B81727F024D6CC9F0062282B /* PostViewController.swift in Sources */,
				B8E1CEEF2500F88C002BFE77 /* NeuomorphicShadow.swift in Sources */,
				B83CACB12667D5CE008FB755 /* Order.swift in Sources */,
				OBJ_115 /* BadgeMessageView.swift in Sources */,
				OBJ_116 /* BadgeMessageViewable.swift in Sources */,
				B82405672668F6A200E4178B /* EdgeLayoutGuide.swift in Sources */,
				OBJ_117 /* Poster+BadgeMessage.swift in Sources */,
				OBJ_118 /* Message.swift in Sources */,
				B81AEE4E24FFF2650068CE23 /* ShadowView.swift in Sources */,
				B87CC95324CAE5A5002B697C /* ConnectivityManager.swift in Sources */,
				OBJ_119 /* MessageView+Message.swift in Sources */,
				OBJ_120 /* MessageView.swift in Sources */,
				OBJ_121 /* MessageViewable.swift in Sources */,
				OBJ_122 /* Poster+Message.swift in Sources */,
				OBJ_123 /* MessageView+MessageConfigurable.swift in Sources */,
				OBJ_124 /* MessageConfigurable.swift in Sources */,
				B81AEE4C24FFEE520068CE23 /* FloatingPoint+Equals.swift in Sources */,
				OBJ_125 /* MessageConfiguration.swift in Sources */,
				OBJ_126 /* PostAnimation.swift in Sources */,
				B87CC98924CAF6D6002B697C /* ConnectivityManager+Notification.swift in Sources */,
				OBJ_127 /* Queue.swift in Sources */,
				B81AEE5024FFF27A0068CE23 /* ShadowLayer.swift in Sources */,
				OBJ_128 /* PostGestureManager.swift in Sources */,
				OBJ_129 /* PostManager.swift in Sources */,
				B87CC98B24CB02F8002B697C /* ConnectivityViewController.swift in Sources */,
				B8E1CEEB2500DEA0002BFE77 /* UIView+ShadowLayer.swift in Sources */,
				B81AEE4A24FFED230068CE23 /* Corner.swift in Sources */,
				OBJ_130 /* PostManagerDelegate.swift in Sources */,
				OBJ_131 /* PostRequest.swift in Sources */,
				OBJ_132 /* Poster.swift in Sources */,
				OBJ_133 /* UIView+Poster.swift in Sources */,
				OBJ_134 /* UIViewPoster.swift in Sources */,
				OBJ_135 /* UIColor+Colors.swift in Sources */,
				OBJ_136 /* UIImage+Images.swift in Sources */,
				OBJ_137 /* UILabel+Default.swift in Sources */,
				B8E1CEF1250117A2002BFE77 /* CALayer+SketchShadow.swift in Sources */,
				OBJ_138 /* BadgeContainerView.swift in Sources */,
				B87CC94D24C9FB80002B697C /* Array+Extensions.swift in Sources */,
				OBJ_139 /* BadgeView.swift in Sources */,
				OBJ_140 /* ShakeView.swift in Sources */,
				OBJ_141 /* MessageStackView.swift in Sources */,
				B87CC95124CAE56E002B697C /* Reachability.m in Sources */,
				B8BCDA9024CDB8580067F26C /* SwizzledMethod.m in Sources */,
				B80B92AB2527324400F97364 /* Vector3.swift in Sources */,
				OBJ_142 /* PostView.swift in Sources */,
			);
			runOnlyForDeploymentPostprocessing = 0;
		};
/* End PBXSourcesBuildPhase section */

/* Begin PBXTargetDependency section */
		B8BB089124C4BCC2000E2E87 /* PBXTargetDependency */ = {
			isa = PBXTargetDependency;
			target = "MessageStackView::MessageStackView" /* MessageStackView */;
			targetProxy = B8BB089024C4BCC2000E2E87 /* PBXContainerItemProxy */;
		};
		OBJ_154 /* PBXTargetDependency */ = {
			isa = PBXTargetDependency;
			target = "MessageStackView::MessageStackViewTests" /* MessageStackViewTests */;
			targetProxy = B8BB077524C491D9000E2E87 /* PBXContainerItemProxy */;
		};
		OBJ_164 /* PBXTargetDependency */ = {
			isa = PBXTargetDependency;
			target = "MessageStackView::MessageStackView" /* MessageStackView */;
			targetProxy = B8BB077424C491D7000E2E87 /* PBXContainerItemProxy */;
		};
/* End PBXTargetDependency section */

/* Begin PBXVariantGroup section */
		B8BB087124C4BC46000E2E87 /* LaunchScreen.storyboard */ = {
			isa = PBXVariantGroup;
			children = (
				B8BB087224C4BC46000E2E87 /* Base */,
			);
			name = LaunchScreen.storyboard;
			sourceTree = "<group>";
		};
/* End PBXVariantGroup section */

/* Begin XCBuildConfiguration section */
		B8BB086B24C4BC23000E2E87 /* Debug */ = {
			isa = XCBuildConfiguration;
			buildSettings = {
				ALWAYS_SEARCH_USER_PATHS = NO;
				ASSETCATALOG_COMPILER_APPICON_NAME = AppIcon;
				CLANG_ANALYZER_NONNULL = YES;
				CLANG_ANALYZER_NUMBER_OBJECT_CONVERSION = YES_AGGRESSIVE;
				CLANG_CXX_LANGUAGE_STANDARD = "gnu++14";
				CLANG_CXX_LIBRARY = "libc++";
				CLANG_ENABLE_MODULES = YES;
				CLANG_ENABLE_OBJC_WEAK = YES;
				CLANG_WARN_BLOCK_CAPTURE_AUTORELEASING = YES;
				CLANG_WARN_BOOL_CONVERSION = YES;
				CLANG_WARN_COMMA = YES;
				CLANG_WARN_CONSTANT_CONVERSION = YES;
				CLANG_WARN_DEPRECATED_OBJC_IMPLEMENTATIONS = YES;
				CLANG_WARN_DIRECT_OBJC_ISA_USAGE = YES_ERROR;
				CLANG_WARN_DOCUMENTATION_COMMENTS = YES;
				CLANG_WARN_EMPTY_BODY = YES;
				CLANG_WARN_ENUM_CONVERSION = YES;
				CLANG_WARN_INFINITE_RECURSION = YES;
				CLANG_WARN_INT_CONVERSION = YES;
				CLANG_WARN_NON_LITERAL_NULL_CONVERSION = YES;
				CLANG_WARN_OBJC_IMPLICIT_RETAIN_SELF = YES;
				CLANG_WARN_OBJC_LITERAL_CONVERSION = YES;
				CLANG_WARN_OBJC_ROOT_CLASS = YES_ERROR;
				CLANG_WARN_RANGE_LOOP_ANALYSIS = YES;
				CLANG_WARN_STRICT_PROTOTYPES = YES;
				CLANG_WARN_SUSPICIOUS_MOVE = YES;
				CLANG_WARN_UNGUARDED_AVAILABILITY = YES_AGGRESSIVE;
				CLANG_WARN_UNREACHABLE_CODE = YES;
				CLANG_WARN__DUPLICATE_METHOD_MATCH = YES;
				CODE_SIGN_STYLE = Automatic;
				DEVELOPMENT_TEAM = 25H7BM6YWK;
				ENABLE_STRICT_OBJC_MSGSEND = YES;
				ENABLE_TESTABILITY = YES;
				GCC_C_LANGUAGE_STANDARD = gnu11;
				GCC_DYNAMIC_NO_PIC = NO;
				GCC_NO_COMMON_BLOCKS = YES;
				GCC_PREPROCESSOR_DEFINITIONS = (
					"DEBUG=1",
					"$(inherited)",
				);
				GCC_WARN_64_TO_32_BIT_CONVERSION = YES;
				GCC_WARN_ABOUT_RETURN_TYPE = YES_ERROR;
				GCC_WARN_UNDECLARED_SELECTOR = YES;
				GCC_WARN_UNINITIALIZED_AUTOS = YES_AGGRESSIVE;
				GCC_WARN_UNUSED_FUNCTION = YES;
				GCC_WARN_UNUSED_VARIABLE = YES;
				INFOPLIST_FILE = Example/Info.plist;
				IPHONEOS_DEPLOYMENT_TARGET = 15.0;
				LD_RUNPATH_SEARCH_PATHS = (
					"$(inherited)",
					"@executable_path/Frameworks",
				);
				MACOSX_DEPLOYMENT_TARGET = 11.0;
				MTL_ENABLE_DEBUG_INFO = INCLUDE_SOURCE;
				MTL_FAST_MATH = YES;
				PRODUCT_BUNDLE_IDENTIFIER = com.3sidedcube.Example;
				PRODUCT_NAME = "$(TARGET_NAME)";
				SDKROOT = iphoneos;
				SWIFT_ACTIVE_COMPILATION_CONDITIONS = DEBUG;
				SWIFT_VERSION = 5.0;
				TARGETED_DEVICE_FAMILY = "1,2";
				TVOS_DEPLOYMENT_TARGET = 15.0;
			};
			name = Debug;
		};
		B8BB086C24C4BC23000E2E87 /* Release */ = {
			isa = XCBuildConfiguration;
			buildSettings = {
				ALWAYS_SEARCH_USER_PATHS = NO;
				ASSETCATALOG_COMPILER_APPICON_NAME = AppIcon;
				CLANG_ANALYZER_NONNULL = YES;
				CLANG_ANALYZER_NUMBER_OBJECT_CONVERSION = YES_AGGRESSIVE;
				CLANG_CXX_LANGUAGE_STANDARD = "gnu++14";
				CLANG_CXX_LIBRARY = "libc++";
				CLANG_ENABLE_MODULES = YES;
				CLANG_ENABLE_OBJC_WEAK = YES;
				CLANG_WARN_BLOCK_CAPTURE_AUTORELEASING = YES;
				CLANG_WARN_BOOL_CONVERSION = YES;
				CLANG_WARN_COMMA = YES;
				CLANG_WARN_CONSTANT_CONVERSION = YES;
				CLANG_WARN_DEPRECATED_OBJC_IMPLEMENTATIONS = YES;
				CLANG_WARN_DIRECT_OBJC_ISA_USAGE = YES_ERROR;
				CLANG_WARN_DOCUMENTATION_COMMENTS = YES;
				CLANG_WARN_EMPTY_BODY = YES;
				CLANG_WARN_ENUM_CONVERSION = YES;
				CLANG_WARN_INFINITE_RECURSION = YES;
				CLANG_WARN_INT_CONVERSION = YES;
				CLANG_WARN_NON_LITERAL_NULL_CONVERSION = YES;
				CLANG_WARN_OBJC_IMPLICIT_RETAIN_SELF = YES;
				CLANG_WARN_OBJC_LITERAL_CONVERSION = YES;
				CLANG_WARN_OBJC_ROOT_CLASS = YES_ERROR;
				CLANG_WARN_RANGE_LOOP_ANALYSIS = YES;
				CLANG_WARN_STRICT_PROTOTYPES = YES;
				CLANG_WARN_SUSPICIOUS_MOVE = YES;
				CLANG_WARN_UNGUARDED_AVAILABILITY = YES_AGGRESSIVE;
				CLANG_WARN_UNREACHABLE_CODE = YES;
				CLANG_WARN__DUPLICATE_METHOD_MATCH = YES;
				CODE_SIGN_STYLE = Automatic;
				COPY_PHASE_STRIP = NO;
				DEVELOPMENT_TEAM = 25H7BM6YWK;
				ENABLE_NS_ASSERTIONS = NO;
				ENABLE_STRICT_OBJC_MSGSEND = YES;
				GCC_C_LANGUAGE_STANDARD = gnu11;
				GCC_NO_COMMON_BLOCKS = YES;
				GCC_WARN_64_TO_32_BIT_CONVERSION = YES;
				GCC_WARN_ABOUT_RETURN_TYPE = YES_ERROR;
				GCC_WARN_UNDECLARED_SELECTOR = YES;
				GCC_WARN_UNINITIALIZED_AUTOS = YES_AGGRESSIVE;
				GCC_WARN_UNUSED_FUNCTION = YES;
				GCC_WARN_UNUSED_VARIABLE = YES;
				INFOPLIST_FILE = Example/Info.plist;
				IPHONEOS_DEPLOYMENT_TARGET = 15.0;
				LD_RUNPATH_SEARCH_PATHS = (
					"$(inherited)",
					"@executable_path/Frameworks",
				);
				MACOSX_DEPLOYMENT_TARGET = 11.0;
				MTL_ENABLE_DEBUG_INFO = NO;
				MTL_FAST_MATH = YES;
				PRODUCT_BUNDLE_IDENTIFIER = com.3sidedcube.Example;
				PRODUCT_NAME = "$(TARGET_NAME)";
				SDKROOT = iphoneos;
				SWIFT_VERSION = 5.0;
				TARGETED_DEVICE_FAMILY = "1,2";
				TVOS_DEPLOYMENT_TARGET = 15.0;
				VALIDATE_PRODUCT = YES;
			};
			name = Release;
		};
		OBJ_146 /* Debug */ = {
			isa = XCBuildConfiguration;
			buildSettings = {
				CODE_SIGN_IDENTITY = "";
				GENERATE_INFOPLIST_FILE = YES;
				IPHONEOS_DEPLOYMENT_TARGET = 15.0;
				LD = /usr/bin/true;
				OTHER_SWIFT_FLAGS = "-swift-version 5 -I $(TOOLCHAIN_DIR)/usr/lib/swift/pm/4_2 -target x86_64-apple-macosx10.10 -sdk /Applications/Xcode.app/Contents/Developer/Platforms/MacOSX.platform/Developer/SDKs/MacOSX10.15.sdk -package-description-version 5.2.0";
				SDKROOT = iphoneos;
				SUPPORTED_PLATFORMS = "iphonesimulator iphoneos";
				SWIFT_VERSION = 5.0;
			};
			name = Debug;
		};
		OBJ_147 /* Release */ = {
			isa = XCBuildConfiguration;
			buildSettings = {
				CODE_SIGN_IDENTITY = "";
				GENERATE_INFOPLIST_FILE = YES;
				IPHONEOS_DEPLOYMENT_TARGET = 15.0;
				LD = /usr/bin/true;
				OTHER_SWIFT_FLAGS = "-swift-version 5 -I $(TOOLCHAIN_DIR)/usr/lib/swift/pm/4_2 -target x86_64-apple-macosx10.10 -sdk /Applications/Xcode.app/Contents/Developer/Platforms/MacOSX.platform/Developer/SDKs/MacOSX10.15.sdk -package-description-version 5.2.0";
				SDKROOT = iphoneos;
				SUPPORTED_PLATFORMS = "iphonesimulator iphoneos";
				SWIFT_VERSION = 5.0;
			};
			name = Release;
		};
		OBJ_152 /* Debug */ = {
			isa = XCBuildConfiguration;
			buildSettings = {
				DEAD_CODE_STRIPPING = YES;
			};
			name = Debug;
		};
		OBJ_153 /* Release */ = {
			isa = XCBuildConfiguration;
			buildSettings = {
				DEAD_CODE_STRIPPING = YES;
			};
			name = Release;
		};
		OBJ_157 /* Debug */ = {
			isa = XCBuildConfiguration;
			buildSettings = {
				ALWAYS_EMBED_SWIFT_STANDARD_LIBRARIES = YES;
				CLANG_ENABLE_MODULES = YES;
				DEAD_CODE_STRIPPING = YES;
				FRAMEWORK_SEARCH_PATHS = (
					"$(inherited)",
					"$(PLATFORM_DIR)/Developer/Library/Frameworks",
				);
				HEADER_SEARCH_PATHS = "$(inherited)";
				INFOPLIST_FILE = MessageStackView.xcodeproj/MessageStackViewTests_Info.plist;
				LD_RUNPATH_SEARCH_PATHS = (
					"$(inherited)",
					"@loader_path/../Frameworks",
					"@loader_path/Frameworks",
				);
				MACOSX_DEPLOYMENT_TARGET = 11.0;
				OTHER_CFLAGS = "$(inherited)";
				OTHER_LDFLAGS = "$(inherited)";
				OTHER_SWIFT_FLAGS = "$(inherited)";
				SWIFT_ACTIVE_COMPILATION_CONDITIONS = "$(inherited)";
				SWIFT_VERSION = 5.0;
				TARGET_NAME = MessageStackViewTests;
				TVOS_DEPLOYMENT_TARGET = 12.0;
				WATCHOS_DEPLOYMENT_TARGET = 2.0;
			};
			name = Debug;
		};
		OBJ_158 /* Release */ = {
			isa = XCBuildConfiguration;
			buildSettings = {
				ALWAYS_EMBED_SWIFT_STANDARD_LIBRARIES = YES;
				CLANG_ENABLE_MODULES = YES;
				DEAD_CODE_STRIPPING = YES;
				FRAMEWORK_SEARCH_PATHS = (
					"$(inherited)",
					"$(PLATFORM_DIR)/Developer/Library/Frameworks",
				);
				HEADER_SEARCH_PATHS = "$(inherited)";
				INFOPLIST_FILE = MessageStackView.xcodeproj/MessageStackViewTests_Info.plist;
				LD_RUNPATH_SEARCH_PATHS = (
					"$(inherited)",
					"@loader_path/../Frameworks",
					"@loader_path/Frameworks",
				);
				MACOSX_DEPLOYMENT_TARGET = 11.0;
				OTHER_CFLAGS = "$(inherited)";
				OTHER_LDFLAGS = "$(inherited)";
				OTHER_SWIFT_FLAGS = "$(inherited)";
				SWIFT_ACTIVE_COMPILATION_CONDITIONS = "$(inherited)";
				SWIFT_VERSION = 5.0;
				TARGET_NAME = MessageStackViewTests;
				TVOS_DEPLOYMENT_TARGET = 12.0;
				WATCHOS_DEPLOYMENT_TARGET = 2.0;
			};
			name = Release;
		};
		OBJ_3 /* Debug */ = {
			isa = XCBuildConfiguration;
			buildSettings = {
				CLANG_ENABLE_OBJC_ARC = YES;
				CLANG_WARN_BLOCK_CAPTURE_AUTORELEASING = YES;
				CLANG_WARN_BOOL_CONVERSION = YES;
				CLANG_WARN_COMMA = YES;
				CLANG_WARN_CONSTANT_CONVERSION = YES;
				CLANG_WARN_DEPRECATED_OBJC_IMPLEMENTATIONS = YES;
				CLANG_WARN_EMPTY_BODY = YES;
				CLANG_WARN_ENUM_CONVERSION = YES;
				CLANG_WARN_INFINITE_RECURSION = YES;
				CLANG_WARN_INT_CONVERSION = YES;
				CLANG_WARN_NON_LITERAL_NULL_CONVERSION = YES;
				CLANG_WARN_OBJC_IMPLICIT_RETAIN_SELF = YES;
				CLANG_WARN_OBJC_LITERAL_CONVERSION = YES;
				CLANG_WARN_QUOTED_INCLUDE_IN_FRAMEWORK_HEADER = YES;
				CLANG_WARN_RANGE_LOOP_ANALYSIS = YES;
				CLANG_WARN_STRICT_PROTOTYPES = YES;
				CLANG_WARN_SUSPICIOUS_MOVE = YES;
				CLANG_WARN_UNREACHABLE_CODE = YES;
				CLANG_WARN__DUPLICATE_METHOD_MATCH = YES;
				COMBINE_HIDPI_IMAGES = YES;
				COPY_PHASE_STRIP = NO;
				DEAD_CODE_STRIPPING = YES;
				DEBUG_INFORMATION_FORMAT = dwarf;
				DYLIB_INSTALL_NAME_BASE = "@rpath";
				ENABLE_NS_ASSERTIONS = YES;
				ENABLE_STRICT_OBJC_MSGSEND = YES;
				ENABLE_TESTABILITY = YES;
				GCC_NO_COMMON_BLOCKS = YES;
				GCC_OPTIMIZATION_LEVEL = 0;
				GCC_PREPROCESSOR_DEFINITIONS = (
					"$(inherited)",
					"SWIFT_PACKAGE=1",
					"DEBUG=1",
				);
				GCC_WARN_64_TO_32_BIT_CONVERSION = YES;
				GCC_WARN_ABOUT_RETURN_TYPE = YES;
				GCC_WARN_UNDECLARED_SELECTOR = YES;
				GCC_WARN_UNINITIALIZED_AUTOS = YES;
				GCC_WARN_UNUSED_FUNCTION = YES;
				GCC_WARN_UNUSED_VARIABLE = YES;
				ONLY_ACTIVE_ARCH = YES;
				OTHER_SWIFT_FLAGS = "$(inherited) -DXcode";
				PRODUCT_NAME = "$(TARGET_NAME)";
				SDKROOT = macosx;
				SUPPORTED_PLATFORMS = "macosx iphoneos iphonesimulator appletvos appletvsimulator watchos watchsimulator";
				SWIFT_ACTIVE_COMPILATION_CONDITIONS = "$(inherited) SWIFT_PACKAGE DEBUG";
				SWIFT_OPTIMIZATION_LEVEL = "-Onone";
				USE_HEADERMAP = NO;
			};
			name = Debug;
		};
		OBJ_4 /* Release */ = {
			isa = XCBuildConfiguration;
			buildSettings = {
				CLANG_ENABLE_OBJC_ARC = YES;
				CLANG_WARN_BLOCK_CAPTURE_AUTORELEASING = YES;
				CLANG_WARN_BOOL_CONVERSION = YES;
				CLANG_WARN_COMMA = YES;
				CLANG_WARN_CONSTANT_CONVERSION = YES;
				CLANG_WARN_DEPRECATED_OBJC_IMPLEMENTATIONS = YES;
				CLANG_WARN_EMPTY_BODY = YES;
				CLANG_WARN_ENUM_CONVERSION = YES;
				CLANG_WARN_INFINITE_RECURSION = YES;
				CLANG_WARN_INT_CONVERSION = YES;
				CLANG_WARN_NON_LITERAL_NULL_CONVERSION = YES;
				CLANG_WARN_OBJC_IMPLICIT_RETAIN_SELF = YES;
				CLANG_WARN_OBJC_LITERAL_CONVERSION = YES;
				CLANG_WARN_QUOTED_INCLUDE_IN_FRAMEWORK_HEADER = YES;
				CLANG_WARN_RANGE_LOOP_ANALYSIS = YES;
				CLANG_WARN_STRICT_PROTOTYPES = YES;
				CLANG_WARN_SUSPICIOUS_MOVE = YES;
				CLANG_WARN_UNREACHABLE_CODE = YES;
				CLANG_WARN__DUPLICATE_METHOD_MATCH = YES;
				COMBINE_HIDPI_IMAGES = YES;
				COPY_PHASE_STRIP = YES;
				DEAD_CODE_STRIPPING = YES;
				DEBUG_INFORMATION_FORMAT = "dwarf-with-dsym";
				DYLIB_INSTALL_NAME_BASE = "@rpath";
				ENABLE_STRICT_OBJC_MSGSEND = YES;
				GCC_NO_COMMON_BLOCKS = YES;
				GCC_OPTIMIZATION_LEVEL = s;
				GCC_PREPROCESSOR_DEFINITIONS = (
					"$(inherited)",
					"SWIFT_PACKAGE=1",
				);
				GCC_WARN_64_TO_32_BIT_CONVERSION = YES;
				GCC_WARN_ABOUT_RETURN_TYPE = YES;
				GCC_WARN_UNDECLARED_SELECTOR = YES;
				GCC_WARN_UNINITIALIZED_AUTOS = YES;
				GCC_WARN_UNUSED_FUNCTION = YES;
				GCC_WARN_UNUSED_VARIABLE = YES;
				OTHER_SWIFT_FLAGS = "$(inherited) -DXcode";
				PRODUCT_NAME = "$(TARGET_NAME)";
				SDKROOT = macosx;
				SUPPORTED_PLATFORMS = "macosx iphoneos iphonesimulator appletvos appletvsimulator watchos watchsimulator";
				SWIFT_ACTIVE_COMPILATION_CONDITIONS = "$(inherited) SWIFT_PACKAGE";
				SWIFT_COMPILATION_MODE = wholemodule;
				SWIFT_OPTIMIZATION_LEVEL = "-O";
				USE_HEADERMAP = NO;
			};
			name = Release;
		};
		OBJ_88 /* Debug */ = {
			isa = XCBuildConfiguration;
			buildSettings = {
				ASSETCATALOG_COMPILER_GENERATE_ASSET_SYMBOLS = NO;
				CLANG_ENABLE_MODULES = YES;
				CODE_SIGN_IDENTITY = "";
				CURRENT_PROJECT_VERSION = 1;
				DEFINES_MODULE = YES;
				ENABLE_MODULE_VERIFIER = YES;
				ENABLE_TESTABILITY = YES;
				FRAMEWORK_SEARCH_PATHS = (
					"$(inherited)",
					"$(PLATFORM_DIR)/Developer/Library/Frameworks",
				);
				HEADER_SEARCH_PATHS = "$(inherited)";
				INFOPLIST_FILE = "$(SRCROOT)/Sources/Info.plist";
				IPHONEOS_DEPLOYMENT_TARGET = 15.0;
				LD_RUNPATH_SEARCH_PATHS = (
					"$(inherited)",
					"$(TOOLCHAIN_DIR)/usr/lib/swift/macosx",
				);
				MACOSX_DEPLOYMENT_TARGET = "$(RECOMMENDED_MACOSX_DEPLOYMENT_TARGET)";
				MARKETING_VERSION = 3.0.0;
				MODULE_VERIFIER_SUPPORTED_LANGUAGES = "objective-c objective-c++";
				MODULE_VERIFIER_SUPPORTED_LANGUAGE_STANDARDS = "gnu17 gnu++14";
				OTHER_CFLAGS = "$(inherited)";
				OTHER_LDFLAGS = "$(inherited)";
				OTHER_SWIFT_FLAGS = "$(inherited)";
				PRODUCT_BUNDLE_IDENTIFIER = com.3sidedcube.MessageStackView;
				PRODUCT_MODULE_NAME = "$(TARGET_NAME:c99extidentifier)";
				PRODUCT_NAME = "$(TARGET_NAME:c99extidentifier)";
				SDKROOT = iphoneos;
				SKIP_INSTALL = YES;
				SUPPORTED_PLATFORMS = "iphonesimulator iphoneos";
				SWIFT_ACTIVE_COMPILATION_CONDITIONS = "$(inherited)";
				SWIFT_OPTIMIZATION_LEVEL = "-Onone";
				SWIFT_VERSION = 5.0;
				TARGET_NAME = MessageStackView;
				TVOS_DEPLOYMENT_TARGET = 12.0;
				WATCHOS_DEPLOYMENT_TARGET = 2.0;
			};
			name = Debug;
		};
		OBJ_89 /* Release */ = {
			isa = XCBuildConfiguration;
			buildSettings = {
				ASSETCATALOG_COMPILER_GENERATE_ASSET_SYMBOLS = NO;
				CLANG_ENABLE_MODULES = YES;
				CODE_SIGN_IDENTITY = "";
				CURRENT_PROJECT_VERSION = 1;
				DEFINES_MODULE = YES;
				ENABLE_MODULE_VERIFIER = YES;
				ENABLE_TESTABILITY = YES;
				FRAMEWORK_SEARCH_PATHS = (
					"$(inherited)",
					"$(PLATFORM_DIR)/Developer/Library/Frameworks",
				);
				HEADER_SEARCH_PATHS = "$(inherited)";
				INFOPLIST_FILE = "$(SRCROOT)/Sources/Info.plist";
				IPHONEOS_DEPLOYMENT_TARGET = 15.0;
				LD_RUNPATH_SEARCH_PATHS = (
					"$(inherited)",
					"$(TOOLCHAIN_DIR)/usr/lib/swift/macosx",
				);
				MACOSX_DEPLOYMENT_TARGET = "$(RECOMMENDED_MACOSX_DEPLOYMENT_TARGET)";
				MARKETING_VERSION = 3.0.0;
				MODULE_VERIFIER_SUPPORTED_LANGUAGES = "objective-c objective-c++";
				MODULE_VERIFIER_SUPPORTED_LANGUAGE_STANDARDS = "gnu17 gnu++14";
				OTHER_CFLAGS = "$(inherited)";
				OTHER_LDFLAGS = "$(inherited)";
				OTHER_SWIFT_FLAGS = "$(inherited)";
				PRODUCT_BUNDLE_IDENTIFIER = com.3sidedcube.MessageStackView;
				PRODUCT_MODULE_NAME = "$(TARGET_NAME:c99extidentifier)";
				PRODUCT_NAME = "$(TARGET_NAME:c99extidentifier)";
				SDKROOT = iphoneos;
				SKIP_INSTALL = YES;
				SUPPORTED_PLATFORMS = "iphonesimulator iphoneos";
				SWIFT_ACTIVE_COMPILATION_CONDITIONS = "$(inherited)";
				SWIFT_VERSION = 5.0;
				TARGET_NAME = MessageStackView;
				TVOS_DEPLOYMENT_TARGET = 12.0;
				WATCHOS_DEPLOYMENT_TARGET = 2.0;
			};
			name = Release;
		};
/* End XCBuildConfiguration section */

/* Begin XCConfigurationList section */
		B8BB086A24C4BC23000E2E87 /* Build configuration list for PBXNativeTarget "Example" */ = {
			isa = XCConfigurationList;
			buildConfigurations = (
				B8BB086B24C4BC23000E2E87 /* Debug */,
				B8BB086C24C4BC23000E2E87 /* Release */,
			);
			defaultConfigurationIsVisible = 0;
			defaultConfigurationName = Release;
		};
		OBJ_145 /* Build configuration list for PBXNativeTarget "MessageStackViewPackageDescription" */ = {
			isa = XCConfigurationList;
			buildConfigurations = (
				OBJ_146 /* Debug */,
				OBJ_147 /* Release */,
			);
			defaultConfigurationIsVisible = 0;
			defaultConfigurationName = Release;
		};
		OBJ_151 /* Build configuration list for PBXAggregateTarget "MessageStackViewPackageTests" */ = {
			isa = XCConfigurationList;
			buildConfigurations = (
				OBJ_152 /* Debug */,
				OBJ_153 /* Release */,
			);
			defaultConfigurationIsVisible = 0;
			defaultConfigurationName = Release;
		};
		OBJ_156 /* Build configuration list for PBXNativeTarget "MessageStackViewTests" */ = {
			isa = XCConfigurationList;
			buildConfigurations = (
				OBJ_157 /* Debug */,
				OBJ_158 /* Release */,
			);
			defaultConfigurationIsVisible = 0;
			defaultConfigurationName = Release;
		};
		OBJ_2 /* Build configuration list for PBXProject "MessageStackView" */ = {
			isa = XCConfigurationList;
			buildConfigurations = (
				OBJ_3 /* Debug */,
				OBJ_4 /* Release */,
			);
			defaultConfigurationIsVisible = 0;
			defaultConfigurationName = Release;
		};
		OBJ_87 /* Build configuration list for PBXNativeTarget "MessageStackView" */ = {
			isa = XCConfigurationList;
			buildConfigurations = (
				OBJ_88 /* Debug */,
				OBJ_89 /* Release */,
			);
			defaultConfigurationIsVisible = 0;
			defaultConfigurationName = Release;
		};
/* End XCConfigurationList section */
	};
	rootObject = OBJ_1 /* Project object */;
}
